// !$*UTF8*$!
{
	archiveVersion = 1;
	classes = {
	};
	objectVersion = 60;
	objects = {

/* Begin PBXBuildFile section */
		1513B25E2C9900E4006AB08A /* FoodsOfSpecificRestaurantViewController.swift in Sources */ = {isa = PBXBuildFile; fileRef = 1513B25D2C9900E4006AB08A /* FoodsOfSpecificRestaurantViewController.swift */; };
		15203FAB2C4E973A0071044F /* About.storyboard in Resources */ = {isa = PBXBuildFile; fileRef = 15203FA92C4E973A0071044F /* About.storyboard */; };
		153771EF2C3DB367003C2A63 /* ReviewViewController.swift in Sources */ = {isa = PBXBuildFile; fileRef = 153771EE2C3DB367003C2A63 /* ReviewViewController.swift */; };
		153901142C326EF300000F48 /* RestaurantDetailViewController.swift in Sources */ = {isa = PBXBuildFile; fileRef = 153901132C326EF300000F48 /* RestaurantDetailViewController.swift */; };
		153A943A2C5E43DB00A29774 /* AboutTableTableViewController.swift in Sources */ = {isa = PBXBuildFile; fileRef = 153A94392C5E43DB00A29774 /* AboutTableTableViewController.swift */; };
		1542E6592C42B98300E12C95 /* RoundedTextField.swift in Sources */ = {isa = PBXBuildFile; fileRef = 1542E6582C42B98300E12C95 /* RoundedTextField.swift */; };
		1542E65B2C42C8FA00E12C95 /* NewRestaurantController.swift in Sources */ = {isa = PBXBuildFile; fileRef = 1542E65A2C42C8FA00E12C95 /* NewRestaurantController.swift */; };
		154452D22C97268400C497BC /* ProductViewController.swift in Sources */ = {isa = PBXBuildFile; fileRef = 154452D12C97268400C497BC /* ProductViewController.swift */; };
		154452D52C9726CD00C497BC /* Product.storyboard in Resources */ = {isa = PBXBuildFile; fileRef = 154452D32C9726CD00C497BC /* Product.storyboard */; };
		154452D82C9729C800C497BC /* NameAndPriceOfRestaurantTableViewCell.swift in Sources */ = {isa = PBXBuildFile; fileRef = 154452D72C9729C800C497BC /* NameAndPriceOfRestaurantTableViewCell.swift */; };
		154452DA2C972B8E00C497BC /* sizeOfFoodTableViewCell.swift in Sources */ = {isa = PBXBuildFile; fileRef = 154452D92C972B8E00C497BC /* sizeOfFoodTableViewCell.swift */; };
		154452DC2C972C4D00C497BC /* HighlightsTableViewCell.swift in Sources */ = {isa = PBXBuildFile; fileRef = 154452DB2C972C4D00C497BC /* HighlightsTableViewCell.swift */; };
		154452DE2C972DD900C497BC /* HeaderOfProductToCartView.swift in Sources */ = {isa = PBXBuildFile; fileRef = 154452DD2C972DD900C497BC /* HeaderOfProductToCartView.swift */; };
		154452E12C97373200C497BC /* AddToCartTableViewCell.swift in Sources */ = {isa = PBXBuildFile; fileRef = 154452E02C97373200C497BC /* AddToCartTableViewCell.swift */; };
		15462E102C29413900D998CD /* AppDelegate.swift in Sources */ = {isa = PBXBuildFile; fileRef = 15462E0F2C29413900D998CD /* AppDelegate.swift */; };
		15462E122C29413900D998CD /* SceneDelegate.swift in Sources */ = {isa = PBXBuildFile; fileRef = 15462E112C29413900D998CD /* SceneDelegate.swift */; };
		15462E172C29413900D998CD /* Base in Resources */ = {isa = PBXBuildFile; fileRef = 15462E162C29413900D998CD /* Base */; };
		15462E192C29413B00D998CD /* Assets.xcassets in Resources */ = {isa = PBXBuildFile; fileRef = 15462E182C29413B00D998CD /* Assets.xcassets */; };
		15462E1C2C29413B00D998CD /* Base in Resources */ = {isa = PBXBuildFile; fileRef = 15462E1B2C29413B00D998CD /* Base */; };
		15462E242C29453C00D998CD /* RestaurantTableViewController.swift in Sources */ = {isa = PBXBuildFile; fileRef = 15462E232C29453C00D998CD /* RestaurantTableViewController.swift */; };
		15462E262C295C2A00D998CD /* RestaurantTableViewCell.swift in Sources */ = {isa = PBXBuildFile; fileRef = 15462E252C295C2A00D998CD /* RestaurantTableViewCell.swift */; };
		1546AD1C2C62AC8100F4EE32 /* Localizable.xcstrings in Resources */ = {isa = PBXBuildFile; fileRef = 1546AD1B2C62AC8100F4EE32 /* Localizable.xcstrings */; };
		1546AD1F2C62B50400F4EE32 /* Onboarding.storyboard in Resources */ = {isa = PBXBuildFile; fileRef = 1546AD1E2C62B50400F4EE32 /* Onboarding.storyboard */; };
		154FC8442C6037E0006FB46C /* WebViewController.swift in Sources */ = {isa = PBXBuildFile; fileRef = 154FC8432C6037DF006FB46C /* WebViewController.swift */; };
		156339302C4919BD007B4319 /* WalkthroughContentViewController.swift in Sources */ = {isa = PBXBuildFile; fileRef = 1563392F2C4919BD007B4319 /* WalkthroughContentViewController.swift */; };
		1563A97F2C740F18002609F2 /* HomeViewController.swift in Sources */ = {isa = PBXBuildFile; fileRef = 1563A97E2C740F18002609F2 /* HomeViewController.swift */; };
		156C03E22C6541E50031FE3D /* Favourites.storyboard in Resources */ = {isa = PBXBuildFile; fileRef = 156C03E02C6541E50031FE3D /* Favourites.storyboard */; };
		156C03E42C6542670031FE3D /* FavouriteTableViewController.swift in Sources */ = {isa = PBXBuildFile; fileRef = 156C03E32C6542670031FE3D /* FavouriteTableViewController.swift */; };
		15749D592C4A229900562524 /* WalkthroughPageViewController.swift in Sources */ = {isa = PBXBuildFile; fileRef = 15749D582C4A229900562524 /* WalkthroughPageViewController.swift */; };
		15749D5B2C4A267D00562524 /* WalkthroughViewController.swift in Sources */ = {isa = PBXBuildFile; fileRef = 15749D5A2C4A267D00562524 /* WalkthroughViewController.swift */; };
		158AB37E2CA8418A008FAAB1 /* JGProgressHUD in Frameworks */ = {isa = PBXBuildFile; productRef = 158AB37D2CA8418A008FAAB1 /* JGProgressHUD */; };
		159E9F2D2C357D010070B51F /* Nunito-Regular.ttf in Resources */ = {isa = PBXBuildFile; fileRef = 159E9F2C2C357D010070B51F /* Nunito-Regular.ttf */; };
		159E9F2F2C357D100070B51F /* Nunito-Bold.ttf in Resources */ = {isa = PBXBuildFile; fileRef = 159E9F2E2C357D100070B51F /* Nunito-Bold.ttf */; };
		15A97B272C745E990069B0A1 /* sliderImageCollectionViewCell.swift in Sources */ = {isa = PBXBuildFile; fileRef = 15A97B262C745E990069B0A1 /* sliderImageCollectionViewCell.swift */; };
		15AB26CD2C9079EE0043AAEA /* CategoriesTableViewCell.swift in Sources */ = {isa = PBXBuildFile; fileRef = 15AB26CC2C9079EE0043AAEA /* CategoriesTableViewCell.swift */; };
		15AB26D02C9098BC0043AAEA /* SliderImagesTableViewCell.swift in Sources */ = {isa = PBXBuildFile; fileRef = 15AB26CF2C9098BC0043AAEA /* SliderImagesTableViewCell.swift */; };
		15ACEBBE2C76F0FE000FF23E /* Product.swift in Sources */ = {isa = PBXBuildFile; fileRef = 15ACEBBD2C76F0FE000FF23E /* Product.swift */; };
		15B07D972C92FE740020F905 /* productCollectionViewCell.xib in Resources */ = {isa = PBXBuildFile; fileRef = 15B07D962C92FE740020F905 /* productCollectionViewCell.xib */; };
		15B07D982C92FE740020F905 /* productCollectionViewCell.swift in Sources */ = {isa = PBXBuildFile; fileRef = 15B07D952C92FE740020F905 /* productCollectionViewCell.swift */; };
		15BB409F2C36C301009C4E9E /* HeaderRestaurantDetailView.swift in Sources */ = {isa = PBXBuildFile; fileRef = 15BB409E2C36C301009C4E9E /* HeaderRestaurantDetailView.swift */; };
		15BB40A12C36C4E3009C4E9E /* RestaurantDescriptionTableViewCell.swift in Sources */ = {isa = PBXBuildFile; fileRef = 15BB40A02C36C4E3009C4E9E /* RestaurantDescriptionTableViewCell.swift */; };
		15BB40A32C36C54D009C4E9E /* RestaurantDetailTwoTableViewCell.swift in Sources */ = {isa = PBXBuildFile; fileRef = 15BB40A22C36C54D009C4E9E /* RestaurantDetailTwoTableViewCell.swift */; };
		15BB40A62C3703E4009C4E9E /* UIColor+Ext.swift in Sources */ = {isa = PBXBuildFile; fileRef = 15BB40A52C3703E4009C4E9E /* UIColor+Ext.swift */; };
		15BB40A82C371DC6009C4E9E /* NavigationController.swift in Sources */ = {isa = PBXBuildFile; fileRef = 15BB40A72C371DC6009C4E9E /* NavigationController.swift */; };
		15BBC2572C9F784A00D3528D /* SpecificRestaurant.storyboard in Resources */ = {isa = PBXBuildFile; fileRef = 15BBC2552C9F784A00D3528D /* SpecificRestaurant.storyboard */; };
		15C022292C922029008DD9E2 /* ProductTableViewCell.swift in Sources */ = {isa = PBXBuildFile; fileRef = 15C022272C922029008DD9E2 /* ProductTableViewCell.swift */; };
		15C0222A2C922029008DD9E2 /* ProductTableViewCell.xib in Resources */ = {isa = PBXBuildFile; fileRef = 15C022282C922029008DD9E2 /* ProductTableViewCell.xib */; };
		15C3BC172C66976E00EEEEF9 /* FavouriteTableViewCell.swift in Sources */ = {isa = PBXBuildFile; fileRef = 15C3BC162C66976E00EEEEF9 /* FavouriteTableViewCell.swift */; };
		15C3BC1A2C6699EF00EEEEF9 /* Foodie.xcdatamodeld in Sources */ = {isa = PBXBuildFile; fileRef = 15C3BC182C6699EF00EEEEF9 /* Foodie.xcdatamodeld */; };
		15C3BC1D2C669AE400EEEEF9 /* DataPersistentManager.swift in Sources */ = {isa = PBXBuildFile; fileRef = 15C3BC1C2C669AE400EEEEF9 /* DataPersistentManager.swift */; };
		15C3BC1F2C66A5AC00EEEEF9 /* FavouriteRestaurant.swift in Sources */ = {isa = PBXBuildFile; fileRef = 15C3BC1E2C66A5AC00EEEEF9 /* FavouriteRestaurant.swift */; };
		15C4419D2C95C0420057C682 /* FoodsOfRestaurantTableViewCell.swift in Sources */ = {isa = PBXBuildFile; fileRef = 15C4419B2C95C0420057C682 /* FoodsOfRestaurantTableViewCell.swift */; };
		15C4419E2C95C0420057C682 /* FoodsOfRestaurantTableViewCell.xib in Resources */ = {isa = PBXBuildFile; fileRef = 15C4419C2C95C0420057C682 /* FoodsOfRestaurantTableViewCell.xib */; };
		15C90B2A2CA43804000E386A /* CartViewController.swift in Sources */ = {isa = PBXBuildFile; fileRef = 15C90B292CA43804000E386A /* CartViewController.swift */; };
		15C90B2C2CA43CF5000E386A /* Cart.swift in Sources */ = {isa = PBXBuildFile; fileRef = 15C90B2B2CA43CF5000E386A /* Cart.swift */; };
		15C90B322CA449D0000E386A /* CartTableViewCell.swift in Sources */ = {isa = PBXBuildFile; fileRef = 15C90B302CA449D0000E386A /* CartTableViewCell.swift */; };
		15C90B332CA449D0000E386A /* CartTableViewCell.xib in Resources */ = {isa = PBXBuildFile; fileRef = 15C90B312CA449D0000E386A /* CartTableViewCell.xib */; };
		15D269972C76A56F006CA6DA /* CategoriesCollectionViewCell.swift in Sources */ = {isa = PBXBuildFile; fileRef = 15D269962C76A56F006CA6DA /* CategoriesCollectionViewCell.swift */; };
		15D269992C76A726006CA6DA /* Categories.swift in Sources */ = {isa = PBXBuildFile; fileRef = 15D269982C76A726006CA6DA /* Categories.swift */; };
		15D63E1E2C2C011B000FD524 /* Restaurant.swift in Sources */ = {isa = PBXBuildFile; fileRef = 15D63E1D2C2C011B000FD524 /* Restaurant.swift */; };
		15D63E242C2C14CA000FD524 /* RestaurantDiffableDataSource.swift in Sources */ = {isa = PBXBuildFile; fileRef = 15D63E232C2C14CA000FD524 /* RestaurantDiffableDataSource.swift */; };
		15DCDAD92C9B68170002C89C /* FirebaseDatabase in Frameworks */ = {isa = PBXBuildFile; productRef = 15DCDAD82C9B68170002C89C /* FirebaseDatabase */; };
		15DCDADB2C9B68170002C89C /* FirebaseFirestore in Frameworks */ = {isa = PBXBuildFile; productRef = 15DCDADA2C9B68170002C89C /* FirebaseFirestore */; };
		15DCDADD2C9B68170002C89C /* FirebaseStorage in Frameworks */ = {isa = PBXBuildFile; productRef = 15DCDADC2C9B68170002C89C /* FirebaseStorage */; };
		15DCDADF2C9B6DFD0002C89C /* GoogleService-Info.plist in Resources */ = {isa = PBXBuildFile; fileRef = 15DCDADE2C9B6DFD0002C89C /* GoogleService-Info.plist */; };
		15DD41212C397B5000754947 /* RestaurantDetailMapCell.swift in Sources */ = {isa = PBXBuildFile; fileRef = 15DD41202C397B5000754947 /* RestaurantDetailMapCell.swift */; };
		15DD41232C39BACA00754947 /* MapViewController.swift in Sources */ = {isa = PBXBuildFile; fileRef = 15DD41222C39BACA00754947 /* MapViewController.swift */; };
		15E22E602CA4CA91006FBB70 /* AlertViewController.swift in Sources */ = {isa = PBXBuildFile; fileRef = 15E22E5E2CA4CA91006FBB70 /* AlertViewController.swift */; };
		15E22E612CA4CA91006FBB70 /* AlertViewController.xib in Resources */ = {isa = PBXBuildFile; fileRef = 15E22E5F2CA4CA91006FBB70 /* AlertViewController.xib */; };
		15EF28CD2C932CC10003E269 /* NewOfferTableViewCell.swift in Sources */ = {isa = PBXBuildFile; fileRef = 15EF28CB2C932CC10003E269 /* NewOfferTableViewCell.swift */; };
		15EF28CE2C932CC10003E269 /* NewOfferTableViewCell.xib in Resources */ = {isa = PBXBuildFile; fileRef = 15EF28CC2C932CC10003E269 /* NewOfferTableViewCell.xib */; };
		15EF28D02C9330260003E269 /* NewOffer.swift in Sources */ = {isa = PBXBuildFile; fileRef = 15EF28CF2C9330260003E269 /* NewOffer.swift */; };
		15EF28D42C936D1C0003E269 /* PopularFoodCollectionViewCell.swift in Sources */ = {isa = PBXBuildFile; fileRef = 15EF28D22C936D1C0003E269 /* PopularFoodCollectionViewCell.swift */; };
		15EF28D52C936D1C0003E269 /* PopularFoodCollectionViewCell.xib in Resources */ = {isa = PBXBuildFile; fileRef = 15EF28D32C936D1C0003E269 /* PopularFoodCollectionViewCell.xib */; };
		15EF28D82C936F3D0003E269 /* PopularFoodTableViewCell.swift in Sources */ = {isa = PBXBuildFile; fileRef = 15EF28D62C936F3D0003E269 /* PopularFoodTableViewCell.swift */; };
		15EF28D92C936F3D0003E269 /* PopularFoodTableViewCell.xib in Resources */ = {isa = PBXBuildFile; fileRef = 15EF28D72C936F3D0003E269 /* PopularFoodTableViewCell.xib */; };
		15FA57F32C769E0600815185 /* Home.storyboard in Resources */ = {isa = PBXBuildFile; fileRef = 15FA57F12C769E0600815185 /* Home.storyboard */; };
/* End PBXBuildFile section */

/* Begin PBXFileReference section */
		1513B25D2C9900E4006AB08A /* FoodsOfSpecificRestaurantViewController.swift */ = {isa = PBXFileReference; lastKnownFileType = sourcecode.swift; path = FoodsOfSpecificRestaurantViewController.swift; sourceTree = "<group>"; };
		15203FAA2C4E973A0071044F /* Base */ = {isa = PBXFileReference; lastKnownFileType = file.storyboard; name = Base; path = Foodie/Storyboard/Base.lproj/About.storyboard; sourceTree = "<group>"; };
		153771EE2C3DB367003C2A63 /* ReviewViewController.swift */ = {isa = PBXFileReference; lastKnownFileType = sourcecode.swift; path = ReviewViewController.swift; sourceTree = "<group>"; };
		153901132C326EF300000F48 /* RestaurantDetailViewController.swift */ = {isa = PBXFileReference; lastKnownFileType = sourcecode.swift; path = RestaurantDetailViewController.swift; sourceTree = "<group>"; };
		153A94392C5E43DB00A29774 /* AboutTableTableViewController.swift */ = {isa = PBXFileReference; lastKnownFileType = sourcecode.swift; path = AboutTableTableViewController.swift; sourceTree = "<group>"; };
		1542E6582C42B98300E12C95 /* RoundedTextField.swift */ = {isa = PBXFileReference; lastKnownFileType = sourcecode.swift; path = RoundedTextField.swift; sourceTree = "<group>"; };
		1542E65A2C42C8FA00E12C95 /* NewRestaurantController.swift */ = {isa = PBXFileReference; lastKnownFileType = sourcecode.swift; path = NewRestaurantController.swift; sourceTree = "<group>"; };
		154452D12C97268400C497BC /* ProductViewController.swift */ = {isa = PBXFileReference; lastKnownFileType = sourcecode.swift; path = ProductViewController.swift; sourceTree = "<group>"; };
		154452D42C9726CD00C497BC /* Base */ = {isa = PBXFileReference; lastKnownFileType = file.storyboard; name = Base; path = Foodie/Storyboard/Foodie/Storyboard/Base.lproj/Product.storyboard; sourceTree = "<group>"; };
		154452D72C9729C800C497BC /* NameAndPriceOfRestaurantTableViewCell.swift */ = {isa = PBXFileReference; lastKnownFileType = sourcecode.swift; path = NameAndPriceOfRestaurantTableViewCell.swift; sourceTree = "<group>"; };
		154452D92C972B8E00C497BC /* sizeOfFoodTableViewCell.swift */ = {isa = PBXFileReference; lastKnownFileType = sourcecode.swift; path = sizeOfFoodTableViewCell.swift; sourceTree = "<group>"; };
		154452DB2C972C4D00C497BC /* HighlightsTableViewCell.swift */ = {isa = PBXFileReference; lastKnownFileType = sourcecode.swift; path = HighlightsTableViewCell.swift; sourceTree = "<group>"; };
		154452DD2C972DD900C497BC /* HeaderOfProductToCartView.swift */ = {isa = PBXFileReference; lastKnownFileType = sourcecode.swift; path = HeaderOfProductToCartView.swift; sourceTree = "<group>"; };
		154452E02C97373200C497BC /* AddToCartTableViewCell.swift */ = {isa = PBXFileReference; lastKnownFileType = sourcecode.swift; path = AddToCartTableViewCell.swift; sourceTree = "<group>"; };
		15462E0C2C29413900D998CD /* Foodie.app */ = {isa = PBXFileReference; explicitFileType = wrapper.application; includeInIndex = 0; path = Foodie.app; sourceTree = BUILT_PRODUCTS_DIR; };
		15462E0F2C29413900D998CD /* AppDelegate.swift */ = {isa = PBXFileReference; lastKnownFileType = sourcecode.swift; path = AppDelegate.swift; sourceTree = "<group>"; };
		15462E112C29413900D998CD /* SceneDelegate.swift */ = {isa = PBXFileReference; lastKnownFileType = sourcecode.swift; path = SceneDelegate.swift; sourceTree = "<group>"; };
		15462E162C29413900D998CD /* Base */ = {isa = PBXFileReference; lastKnownFileType = file.storyboard; name = Base; path = Base.lproj/Main.storyboard; sourceTree = "<group>"; };
		15462E182C29413B00D998CD /* Assets.xcassets */ = {isa = PBXFileReference; lastKnownFileType = folder.assetcatalog; path = Assets.xcassets; sourceTree = "<group>"; };
		15462E1B2C29413B00D998CD /* Base */ = {isa = PBXFileReference; lastKnownFileType = file.storyboard; name = Base; path = Base.lproj/LaunchScreen.storyboard; sourceTree = "<group>"; };
		15462E1D2C29413B00D998CD /* Info.plist */ = {isa = PBXFileReference; lastKnownFileType = text.plist.xml; path = Info.plist; sourceTree = "<group>"; };
		15462E232C29453C00D998CD /* RestaurantTableViewController.swift */ = {isa = PBXFileReference; lastKnownFileType = sourcecode.swift; path = RestaurantTableViewController.swift; sourceTree = "<group>"; };
		15462E252C295C2A00D998CD /* RestaurantTableViewCell.swift */ = {isa = PBXFileReference; lastKnownFileType = sourcecode.swift; path = RestaurantTableViewCell.swift; sourceTree = "<group>"; };
		1546AD172C62AC1A00F4EE32 /* zh-Hant */ = {isa = PBXFileReference; lastKnownFileType = text.plist.strings; name = "zh-Hant"; path = "zh-Hant.lproj/LaunchScreen.strings"; sourceTree = "<group>"; };
		1546AD182C62AC1A00F4EE32 /* zh-Hant */ = {isa = PBXFileReference; lastKnownFileType = text.plist.strings; name = "zh-Hant"; path = "zh-Hant.lproj/Main.strings"; sourceTree = "<group>"; };
		1546AD192C62AC1B00F4EE32 /* zh-Hant */ = {isa = PBXFileReference; lastKnownFileType = text.plist.strings; name = "zh-Hant"; path = "Foodie/Storyboard/zh-Hant.lproj/About.strings"; sourceTree = "<group>"; };
		1546AD1B2C62AC8100F4EE32 /* Localizable.xcstrings */ = {isa = PBXFileReference; lastKnownFileType = text.json.xcstrings; path = Localizable.xcstrings; sourceTree = "<group>"; };
		1546AD1D2C62B50400F4EE32 /* Base */ = {isa = PBXFileReference; lastKnownFileType = file.storyboard; name = Base; path = Base.lproj/Onboarding.storyboard; sourceTree = "<group>"; };
		1546AD202C62B50400F4EE32 /* mul */ = {isa = PBXFileReference; lastKnownFileType = text.json.xcstrings; name = mul; path = mul.lproj/Onboarding.xcstrings; sourceTree = "<group>"; };
		154FC8432C6037DF006FB46C /* WebViewController.swift */ = {isa = PBXFileReference; lastKnownFileType = sourcecode.swift; path = WebViewController.swift; sourceTree = "<group>"; };
		1563392F2C4919BD007B4319 /* WalkthroughContentViewController.swift */ = {isa = PBXFileReference; lastKnownFileType = sourcecode.swift; path = WalkthroughContentViewController.swift; sourceTree = "<group>"; };
		1563A97E2C740F18002609F2 /* HomeViewController.swift */ = {isa = PBXFileReference; lastKnownFileType = sourcecode.swift; path = HomeViewController.swift; sourceTree = "<group>"; };
		156C03E12C6541E50031FE3D /* Base */ = {isa = PBXFileReference; lastKnownFileType = file.storyboard; name = Base; path = Foodie/Storyboard/Base.lproj/Favourites.storyboard; sourceTree = "<group>"; };
		156C03E32C6542670031FE3D /* FavouriteTableViewController.swift */ = {isa = PBXFileReference; lastKnownFileType = sourcecode.swift; path = FavouriteTableViewController.swift; sourceTree = "<group>"; };
		15749D582C4A229900562524 /* WalkthroughPageViewController.swift */ = {isa = PBXFileReference; lastKnownFileType = sourcecode.swift; path = WalkthroughPageViewController.swift; sourceTree = "<group>"; };
		15749D5A2C4A267D00562524 /* WalkthroughViewController.swift */ = {isa = PBXFileReference; lastKnownFileType = sourcecode.swift; path = WalkthroughViewController.swift; sourceTree = "<group>"; };
		159E9F2C2C357D010070B51F /* Nunito-Regular.ttf */ = {isa = PBXFileReference; lastKnownFileType = file; path = "Nunito-Regular.ttf"; sourceTree = "<group>"; };
		159E9F2E2C357D100070B51F /* Nunito-Bold.ttf */ = {isa = PBXFileReference; lastKnownFileType = file; path = "Nunito-Bold.ttf"; sourceTree = "<group>"; };
		15A97B262C745E990069B0A1 /* sliderImageCollectionViewCell.swift */ = {isa = PBXFileReference; lastKnownFileType = sourcecode.swift; path = sliderImageCollectionViewCell.swift; sourceTree = "<group>"; };
		15AB26CC2C9079EE0043AAEA /* CategoriesTableViewCell.swift */ = {isa = PBXFileReference; lastKnownFileType = sourcecode.swift; path = CategoriesTableViewCell.swift; sourceTree = "<group>"; };
		15AB26CF2C9098BC0043AAEA /* SliderImagesTableViewCell.swift */ = {isa = PBXFileReference; lastKnownFileType = sourcecode.swift; path = SliderImagesTableViewCell.swift; sourceTree = "<group>"; };
		15ACEBBD2C76F0FE000FF23E /* Product.swift */ = {isa = PBXFileReference; lastKnownFileType = sourcecode.swift; path = Product.swift; sourceTree = "<group>"; };
		15B07D952C92FE740020F905 /* productCollectionViewCell.swift */ = {isa = PBXFileReference; lastKnownFileType = sourcecode.swift; path = productCollectionViewCell.swift; sourceTree = "<group>"; };
		15B07D962C92FE740020F905 /* productCollectionViewCell.xib */ = {isa = PBXFileReference; lastKnownFileType = file.xib; path = productCollectionViewCell.xib; sourceTree = "<group>"; };
		15BB409E2C36C301009C4E9E /* HeaderRestaurantDetailView.swift */ = {isa = PBXFileReference; lastKnownFileType = sourcecode.swift; path = HeaderRestaurantDetailView.swift; sourceTree = "<group>"; };
		15BB40A02C36C4E3009C4E9E /* RestaurantDescriptionTableViewCell.swift */ = {isa = PBXFileReference; lastKnownFileType = sourcecode.swift; path = RestaurantDescriptionTableViewCell.swift; sourceTree = "<group>"; };
		15BB40A22C36C54D009C4E9E /* RestaurantDetailTwoTableViewCell.swift */ = {isa = PBXFileReference; lastKnownFileType = sourcecode.swift; path = RestaurantDetailTwoTableViewCell.swift; sourceTree = "<group>"; };
		15BB40A52C3703E4009C4E9E /* UIColor+Ext.swift */ = {isa = PBXFileReference; lastKnownFileType = sourcecode.swift; path = "UIColor+Ext.swift"; sourceTree = "<group>"; };
		15BB40A72C371DC6009C4E9E /* NavigationController.swift */ = {isa = PBXFileReference; lastKnownFileType = sourcecode.swift; path = NavigationController.swift; sourceTree = "<group>"; };
		15BBC2562C9F784A00D3528D /* Base */ = {isa = PBXFileReference; lastKnownFileType = file.storyboard; name = Base; path = Foodie/Storyboard/Foodie/Storyboard/Base.lproj/SpecificRestaurant.storyboard; sourceTree = "<group>"; };
		15C022272C922029008DD9E2 /* ProductTableViewCell.swift */ = {isa = PBXFileReference; lastKnownFileType = sourcecode.swift; path = ProductTableViewCell.swift; sourceTree = "<group>"; };
		15C022282C922029008DD9E2 /* ProductTableViewCell.xib */ = {isa = PBXFileReference; lastKnownFileType = file.xib; path = ProductTableViewCell.xib; sourceTree = "<group>"; };
		15C3BC162C66976E00EEEEF9 /* FavouriteTableViewCell.swift */ = {isa = PBXFileReference; lastKnownFileType = sourcecode.swift; path = FavouriteTableViewCell.swift; sourceTree = "<group>"; };
		15C3BC192C6699EF00EEEEF9 /* Foodie.xcdatamodel */ = {isa = PBXFileReference; lastKnownFileType = wrapper.xcdatamodel; path = Foodie.xcdatamodel; sourceTree = "<group>"; };
		15C3BC1C2C669AE400EEEEF9 /* DataPersistentManager.swift */ = {isa = PBXFileReference; lastKnownFileType = sourcecode.swift; path = DataPersistentManager.swift; sourceTree = "<group>"; };
		15C3BC1E2C66A5AC00EEEEF9 /* FavouriteRestaurant.swift */ = {isa = PBXFileReference; lastKnownFileType = sourcecode.swift; path = FavouriteRestaurant.swift; sourceTree = "<group>"; };
		15C4419B2C95C0420057C682 /* FoodsOfRestaurantTableViewCell.swift */ = {isa = PBXFileReference; lastKnownFileType = sourcecode.swift; path = FoodsOfRestaurantTableViewCell.swift; sourceTree = "<group>"; };
		15C4419C2C95C0420057C682 /* FoodsOfRestaurantTableViewCell.xib */ = {isa = PBXFileReference; lastKnownFileType = file.xib; path = FoodsOfRestaurantTableViewCell.xib; sourceTree = "<group>"; };
		15C90B292CA43804000E386A /* CartViewController.swift */ = {isa = PBXFileReference; lastKnownFileType = sourcecode.swift; path = CartViewController.swift; sourceTree = "<group>"; };
		15C90B2B2CA43CF5000E386A /* Cart.swift */ = {isa = PBXFileReference; lastKnownFileType = sourcecode.swift; path = Cart.swift; sourceTree = "<group>"; };
		15C90B302CA449D0000E386A /* CartTableViewCell.swift */ = {isa = PBXFileReference; lastKnownFileType = sourcecode.swift; path = CartTableViewCell.swift; sourceTree = "<group>"; };
		15C90B312CA449D0000E386A /* CartTableViewCell.xib */ = {isa = PBXFileReference; lastKnownFileType = file.xib; path = CartTableViewCell.xib; sourceTree = "<group>"; };
		15D269962C76A56F006CA6DA /* CategoriesCollectionViewCell.swift */ = {isa = PBXFileReference; lastKnownFileType = sourcecode.swift; path = CategoriesCollectionViewCell.swift; sourceTree = "<group>"; };
		15D269982C76A726006CA6DA /* Categories.swift */ = {isa = PBXFileReference; lastKnownFileType = sourcecode.swift; path = Categories.swift; sourceTree = "<group>"; };
		15D63E1D2C2C011B000FD524 /* Restaurant.swift */ = {isa = PBXFileReference; lastKnownFileType = sourcecode.swift; path = Restaurant.swift; sourceTree = "<group>"; };
		15D63E232C2C14CA000FD524 /* RestaurantDiffableDataSource.swift */ = {isa = PBXFileReference; lastKnownFileType = sourcecode.swift; path = RestaurantDiffableDataSource.swift; sourceTree = "<group>"; };
		15DCDADE2C9B6DFD0002C89C /* GoogleService-Info.plist */ = {isa = PBXFileReference; fileEncoding = 4; lastKnownFileType = text.plist.xml; path = "GoogleService-Info.plist"; sourceTree = "<group>"; };
		15DD41202C397B5000754947 /* RestaurantDetailMapCell.swift */ = {isa = PBXFileReference; lastKnownFileType = sourcecode.swift; path = RestaurantDetailMapCell.swift; sourceTree = "<group>"; };
		15DD41222C39BACA00754947 /* MapViewController.swift */ = {isa = PBXFileReference; lastKnownFileType = sourcecode.swift; path = MapViewController.swift; sourceTree = "<group>"; };
		15E22E5E2CA4CA91006FBB70 /* AlertViewController.swift */ = {isa = PBXFileReference; lastKnownFileType = sourcecode.swift; path = AlertViewController.swift; sourceTree = "<group>"; };
		15E22E5F2CA4CA91006FBB70 /* AlertViewController.xib */ = {isa = PBXFileReference; lastKnownFileType = file.xib; path = AlertViewController.xib; sourceTree = "<group>"; };
		15EF28CB2C932CC10003E269 /* NewOfferTableViewCell.swift */ = {isa = PBXFileReference; lastKnownFileType = sourcecode.swift; path = NewOfferTableViewCell.swift; sourceTree = "<group>"; };
		15EF28CC2C932CC10003E269 /* NewOfferTableViewCell.xib */ = {isa = PBXFileReference; lastKnownFileType = file.xib; path = NewOfferTableViewCell.xib; sourceTree = "<group>"; };
		15EF28CF2C9330260003E269 /* NewOffer.swift */ = {isa = PBXFileReference; lastKnownFileType = sourcecode.swift; path = NewOffer.swift; sourceTree = "<group>"; };
		15EF28D22C936D1C0003E269 /* PopularFoodCollectionViewCell.swift */ = {isa = PBXFileReference; lastKnownFileType = sourcecode.swift; path = PopularFoodCollectionViewCell.swift; sourceTree = "<group>"; };
		15EF28D32C936D1C0003E269 /* PopularFoodCollectionViewCell.xib */ = {isa = PBXFileReference; lastKnownFileType = file.xib; path = PopularFoodCollectionViewCell.xib; sourceTree = "<group>"; };
		15EF28D62C936F3D0003E269 /* PopularFoodTableViewCell.swift */ = {isa = PBXFileReference; lastKnownFileType = sourcecode.swift; path = PopularFoodTableViewCell.swift; sourceTree = "<group>"; };
		15EF28D72C936F3D0003E269 /* PopularFoodTableViewCell.xib */ = {isa = PBXFileReference; lastKnownFileType = file.xib; path = PopularFoodTableViewCell.xib; sourceTree = "<group>"; };
		15FA57F22C769E0600815185 /* Base */ = {isa = PBXFileReference; lastKnownFileType = file.storyboard; name = Base; path = Foodie/Storyboard/Base.lproj/Home.storyboard; sourceTree = "<group>"; };
/* End PBXFileReference section */

/* Begin PBXFrameworksBuildPhase section */
		15462E092C29413900D998CD /* Frameworks */ = {
			isa = PBXFrameworksBuildPhase;
			buildActionMask = 2147483647;
			files = (
				158AB37E2CA8418A008FAAB1 /* JGProgressHUD in Frameworks */,
				15DCDAD92C9B68170002C89C /* FirebaseDatabase in Frameworks */,
				15DCDADB2C9B68170002C89C /* FirebaseFirestore in Frameworks */,
				15DCDADD2C9B68170002C89C /* FirebaseStorage in Frameworks */,
			);
			runOnlyForDeploymentPostprocessing = 0;
		};
/* End PBXFrameworksBuildPhase section */

/* Begin PBXGroup section */
		154452D02C97266400C497BC /* Product To Cart */ = {
			isa = PBXGroup;
			children = (
				154452D32C9726CD00C497BC /* Product.storyboard */,
				154452D12C97268400C497BC /* ProductViewController.swift */,
			);
			path = "Product To Cart";
			sourceTree = "<group>";
		};
		154452D62C97297500C497BC /* Product */ = {
			isa = PBXGroup;
			children = (
				154452DD2C972DD900C497BC /* HeaderOfProductToCartView.swift */,
				154452DF2C972DE600C497BC /* ProductCell */,
			);
			name = Product;
			sourceTree = "<group>";
		};
		154452DF2C972DE600C497BC /* ProductCell */ = {
			isa = PBXGroup;
			children = (
				154452D72C9729C800C497BC /* NameAndPriceOfRestaurantTableViewCell.swift */,
				154452D92C972B8E00C497BC /* sizeOfFoodTableViewCell.swift */,
				154452DB2C972C4D00C497BC /* HighlightsTableViewCell.swift */,
				154452E02C97373200C497BC /* AddToCartTableViewCell.swift */,
			);
			name = ProductCell;
			sourceTree = "<group>";
		};
		15462E032C29413900D998CD = {
			isa = PBXGroup;
			children = (
				15DCDADE2C9B6DFD0002C89C /* GoogleService-Info.plist */,
				15462E0E2C29413900D998CD /* Foodie */,
				15462E0D2C29413900D998CD /* Products */,
			);
			sourceTree = "<group>";
		};
		15462E0D2C29413900D998CD /* Products */ = {
			isa = PBXGroup;
			children = (
				15462E0C2C29413900D998CD /* Foodie.app */,
			);
			name = Products;
			sourceTree = "<group>";
		};
		15462E0E2C29413900D998CD /* Foodie */ = {
			isa = PBXGroup;
			children = (
				15C3BC1B2C669AB600EEEEF9 /* Manager */,
				15BB40A42C3703CF009C4E9E /* Extensions */,
				159E9F2A2C357CAC0070B51F /* Resources */,
				15462E0F2C29413900D998CD /* AppDelegate.swift */,
				15462E112C29413900D998CD /* SceneDelegate.swift */,
				15D63E222C2C072E000FD524 /* Storyboard */,
				15D63E1F2C2C06F2000FD524 /* Model */,
				15D63E212C2C0702000FD524 /* Controller */,
				15462E182C29413B00D998CD /* Assets.xcassets */,
				15462E1D2C29413B00D998CD /* Info.plist */,
				1546AD1B2C62AC8100F4EE32 /* Localizable.xcstrings */,
				15C3BC182C6699EF00EEEEF9 /* Foodie.xcdatamodeld */,
			);
			path = Foodie;
			sourceTree = "<group>";
		};
		154B6BEF2CA19243001DB7F3 /* Cart */ = {
			isa = PBXGroup;
			children = (
				15C90B292CA43804000E386A /* CartViewController.swift */,
				154452D02C97266400C497BC /* Product To Cart */,
			);
			path = Cart;
			sourceTree = "<group>";
		};
		159E9F2A2C357CAC0070B51F /* Resources */ = {
			isa = PBXGroup;
			children = (
				159E9F2B2C357CB60070B51F /* Fonts */,
			);
			path = Resources;
			sourceTree = "<group>";
		};
		159E9F2B2C357CB60070B51F /* Fonts */ = {
			isa = PBXGroup;
			children = (
				159E9F2C2C357D010070B51F /* Nunito-Regular.ttf */,
				159E9F2E2C357D100070B51F /* Nunito-Bold.ttf */,
			);
			path = Fonts;
			sourceTree = "<group>";
		};
		15A97B222C745C5E0069B0A1 /* Home */ = {
			isa = PBXGroup;
			children = (
				1563A97E2C740F18002609F2 /* HomeViewController.swift */,
			);
			path = Home;
			sourceTree = "<group>";
		};
		15A97B232C745C770069B0A1 /* Walkthrouh */ = {
			isa = PBXGroup;
			children = (
				1563392F2C4919BD007B4319 /* WalkthroughContentViewController.swift */,
				15749D5A2C4A267D00562524 /* WalkthroughViewController.swift */,
				15749D582C4A229900562524 /* WalkthroughPageViewController.swift */,
			);
			path = Walkthrouh;
			sourceTree = "<group>";
		};
		15AB26CE2C90939A0043AAEA /* CategoriesCell */ = {
			isa = PBXGroup;
			children = (
				15AB26CC2C9079EE0043AAEA /* CategoriesTableViewCell.swift */,
				15D269962C76A56F006CA6DA /* CategoriesCollectionViewCell.swift */,
			);
			name = CategoriesCell;
			sourceTree = "<group>";
		};
		15AB26D12C90B5580043AAEA /* SliderImages */ = {
			isa = PBXGroup;
			children = (
				15AB26CF2C9098BC0043AAEA /* SliderImagesTableViewCell.swift */,
				15A97B262C745E990069B0A1 /* sliderImageCollectionViewCell.swift */,
			);
			name = SliderImages;
			sourceTree = "<group>";
		};
		15ACEBBC2C76EE95000FF23E /* ElementsOfHomeTableViewCell */ = {
			isa = PBXGroup;
			children = (
				15C4418C2C95BA070057C682 /* Home Page */,
				15C4418D2C95BA290057C682 /* Foods Of Restaurant Page */,
			);
			name = ElementsOfHomeTableViewCell;
			sourceTree = "<group>";
		};
		15B07D992C93252F0020F905 /* ProductCell */ = {
			isa = PBXGroup;
			children = (
				15B07D9B2C93256A0020F905 /* TableView */,
				15B07D9A2C9325650020F905 /* CollectionView */,
			);
			name = ProductCell;
			sourceTree = "<group>";
		};
		15B07D9A2C9325650020F905 /* CollectionView */ = {
			isa = PBXGroup;
			children = (
				15B07D952C92FE740020F905 /* productCollectionViewCell.swift */,
				15B07D962C92FE740020F905 /* productCollectionViewCell.xib */,
			);
			name = CollectionView;
			sourceTree = "<group>";
		};
		15B07D9B2C93256A0020F905 /* TableView */ = {
			isa = PBXGroup;
			children = (
				15C022272C922029008DD9E2 /* ProductTableViewCell.swift */,
				15C022282C922029008DD9E2 /* ProductTableViewCell.xib */,
			);
			name = TableView;
			sourceTree = "<group>";
		};
		15BB40A42C3703CF009C4E9E /* Extensions */ = {
			isa = PBXGroup;
			children = (
				15BB40A52C3703E4009C4E9E /* UIColor+Ext.swift */,
			);
			path = Extensions;
			sourceTree = "<group>";
		};
		15C3BC1B2C669AB600EEEEF9 /* Manager */ = {
			isa = PBXGroup;
			children = (
				15C3BC1C2C669AE400EEEEF9 /* DataPersistentManager.swift */,
			);
			path = Manager;
			sourceTree = "<group>";
		};
		15C4418C2C95BA070057C682 /* Home Page */ = {
			isa = PBXGroup;
			children = (
				15AB26D12C90B5580043AAEA /* SliderImages */,
				15AB26CE2C90939A0043AAEA /* CategoriesCell */,
				15B07D992C93252F0020F905 /* ProductCell */,
				15EF28CA2C932C8C0003E269 /* NewOffer */,
				15EF28D12C936CAC0003E269 /* PopularFood */,
			);
			name = "Home Page";
			sourceTree = "<group>";
		};
		15C4418D2C95BA290057C682 /* Foods Of Restaurant Page */ = {
			isa = PBXGroup;
			children = (
				15C4419B2C95C0420057C682 /* FoodsOfRestaurantTableViewCell.swift */,
				15C4419C2C95C0420057C682 /* FoodsOfRestaurantTableViewCell.xib */,
			);
			name = "Foods Of Restaurant Page";
			sourceTree = "<group>";
		};
		15C4418E2C95BB080057C682 /* Specific Restaurant */ = {
			isa = PBXGroup;
			children = (
				1513B25D2C9900E4006AB08A /* FoodsOfSpecificRestaurantViewController.swift */,
			);
			path = "Specific Restaurant";
			sourceTree = "<group>";
		};
		15C90B2D2CA44958000E386A /* Cart */ = {
			isa = PBXGroup;
			children = (
				15C90B302CA449D0000E386A /* CartTableViewCell.swift */,
				15C90B312CA449D0000E386A /* CartTableViewCell.xib */,
			);
			path = Cart;
			sourceTree = "<group>";
		};
		15D63E1F2C2C06F2000FD524 /* Model */ = {
			isa = PBXGroup;
			children = (
				15D63E1D2C2C011B000FD524 /* Restaurant.swift */,
				15D63E232C2C14CA000FD524 /* RestaurantDiffableDataSource.swift */,
				15C3BC1E2C66A5AC00EEEEF9 /* FavouriteRestaurant.swift */,
				15D269982C76A726006CA6DA /* Categories.swift */,
				15ACEBBD2C76F0FE000FF23E /* Product.swift */,
				15EF28CF2C9330260003E269 /* NewOffer.swift */,
				15C90B2B2CA43CF5000E386A /* Cart.swift */,
			);
			path = Model;
			sourceTree = "<group>";
		};
		15D63E202C2C06FB000FD524 /* View */ = {
			isa = PBXGroup;
			children = (
				15E22E5D2CA4CA51006FBB70 /* AlertView */,
				15462E252C295C2A00D998CD /* RestaurantTableViewCell.swift */,
				15BB409E2C36C301009C4E9E /* HeaderRestaurantDetailView.swift */,
				15BB40A02C36C4E3009C4E9E /* RestaurantDescriptionTableViewCell.swift */,
				15BB40A22C36C54D009C4E9E /* RestaurantDetailTwoTableViewCell.swift */,
				15DD41202C397B5000754947 /* RestaurantDetailMapCell.swift */,
				1542E6582C42B98300E12C95 /* RoundedTextField.swift */,
				15C3BC162C66976E00EEEEF9 /* FavouriteTableViewCell.swift */,
				154452D62C97297500C497BC /* Product */,
				15ACEBBC2C76EE95000FF23E /* ElementsOfHomeTableViewCell */,
				15C90B2D2CA44958000E386A /* Cart */,
			);
			path = View;
			sourceTree = "<group>";
		};
		15D63E212C2C0702000FD524 /* Controller */ = {
			isa = PBXGroup;
			children = (
				15A97B222C745C5E0069B0A1 /* Home */,
				15C4418E2C95BB080057C682 /* Specific Restaurant */,
				154B6BEF2CA19243001DB7F3 /* Cart */,
				15462E232C29453C00D998CD /* RestaurantTableViewController.swift */,
				153901132C326EF300000F48 /* RestaurantDetailViewController.swift */,
				15BB40A72C371DC6009C4E9E /* NavigationController.swift */,
				15DD41222C39BACA00754947 /* MapViewController.swift */,
				153771EE2C3DB367003C2A63 /* ReviewViewController.swift */,
				1542E65A2C42C8FA00E12C95 /* NewRestaurantController.swift */,
				15A97B232C745C770069B0A1 /* Walkthrouh */,
				153A94392C5E43DB00A29774 /* AboutTableTableViewController.swift */,
				154FC8432C6037DF006FB46C /* WebViewController.swift */,
				156C03E32C6542670031FE3D /* FavouriteTableViewController.swift */,
			);
			path = Controller;
			sourceTree = "<group>";
		};
		15D63E222C2C072E000FD524 /* Storyboard */ = {
			isa = PBXGroup;
			children = (
				15462E1A2C29413B00D998CD /* LaunchScreen.storyboard */,
				1546AD1E2C62B50400F4EE32 /* Onboarding.storyboard */,
				15462E152C29413900D998CD /* Main.storyboard */,
				15FA57F12C769E0600815185 /* Home.storyboard */,
				15BBC2552C9F784A00D3528D /* SpecificRestaurant.storyboard */,
				15203FA92C4E973A0071044F /* About.storyboard */,
				156C03E02C6541E50031FE3D /* Favourites.storyboard */,
				15D63E202C2C06FB000FD524 /* View */,
			);
			path = Storyboard;
			sourceTree = "<group>";
		};
		15E22E5D2CA4CA51006FBB70 /* AlertView */ = {
			isa = PBXGroup;
			children = (
				15E22E5E2CA4CA91006FBB70 /* AlertViewController.swift */,
				15E22E5F2CA4CA91006FBB70 /* AlertViewController.xib */,
			);
			path = AlertView;
			sourceTree = "<group>";
		};
		15EF28CA2C932C8C0003E269 /* NewOffer */ = {
			isa = PBXGroup;
			children = (
				15EF28CB2C932CC10003E269 /* NewOfferTableViewCell.swift */,
				15EF28CC2C932CC10003E269 /* NewOfferTableViewCell.xib */,
			);
			name = NewOffer;
			sourceTree = "<group>";
		};
		15EF28D12C936CAC0003E269 /* PopularFood */ = {
			isa = PBXGroup;
			children = (
				15EF28DA2C9370490003E269 /* TableView */,
				15EF28DB2C9370560003E269 /* CollectionView */,
			);
			name = PopularFood;
			sourceTree = "<group>";
		};
		15EF28DA2C9370490003E269 /* TableView */ = {
			isa = PBXGroup;
			children = (
				15EF28D62C936F3D0003E269 /* PopularFoodTableViewCell.swift */,
				15EF28D72C936F3D0003E269 /* PopularFoodTableViewCell.xib */,
			);
			name = TableView;
			sourceTree = "<group>";
		};
		15EF28DB2C9370560003E269 /* CollectionView */ = {
			isa = PBXGroup;
			children = (
				15EF28D22C936D1C0003E269 /* PopularFoodCollectionViewCell.swift */,
				15EF28D32C936D1C0003E269 /* PopularFoodCollectionViewCell.xib */,
			);
			name = CollectionView;
			sourceTree = "<group>";
		};
/* End PBXGroup section */

/* Begin PBXNativeTarget section */
		15462E0B2C29413900D998CD /* Foodie */ = {
			isa = PBXNativeTarget;
			buildConfigurationList = 15462E202C29413B00D998CD /* Build configuration list for PBXNativeTarget "Foodie" */;
			buildPhases = (
				15462E082C29413900D998CD /* Sources */,
				15462E092C29413900D998CD /* Frameworks */,
				15462E0A2C29413900D998CD /* Resources */,
			);
			buildRules = (
			);
			dependencies = (
			);
			name = Foodie;
			packageProductDependencies = (
				15DCDAD82C9B68170002C89C /* FirebaseDatabase */,
				15DCDADA2C9B68170002C89C /* FirebaseFirestore */,
				15DCDADC2C9B68170002C89C /* FirebaseStorage */,
				158AB37D2CA8418A008FAAB1 /* JGProgressHUD */,
			);
			productName = Foodie;
			productReference = 15462E0C2C29413900D998CD /* Foodie.app */;
			productType = "com.apple.product-type.application";
		};
/* End PBXNativeTarget section */

/* Begin PBXProject section */
		15462E042C29413900D998CD /* Project object */ = {
			isa = PBXProject;
			attributes = {
				BuildIndependentTargetsInParallel = 1;
				LastSwiftUpdateCheck = 1540;
				LastUpgradeCheck = 1540;
				TargetAttributes = {
					15462E0B2C29413900D998CD = {
						CreatedOnToolsVersion = 15.4;
					};
				};
			};
			buildConfigurationList = 15462E072C29413900D998CD /* Build configuration list for PBXProject "Foodie" */;
			compatibilityVersion = "Xcode 14.0";
			developmentRegion = en;
			hasScannedForEncodings = 0;
			knownRegions = (
				en,
				Base,
				"zh-Hant",
			);
			mainGroup = 15462E032C29413900D998CD;
			packageReferences = (
				15DCDAD72C9B68170002C89C /* XCRemoteSwiftPackageReference "firebase-ios-sdk" */,
				158AB37C2CA84189008FAAB1 /* XCRemoteSwiftPackageReference "JGProgressHUD" */,
			);
			productRefGroup = 15462E0D2C29413900D998CD /* Products */;
			projectDirPath = "";
			projectRoot = "";
			targets = (
				15462E0B2C29413900D998CD /* Foodie */,
			);
		};
/* End PBXProject section */

/* Begin PBXResourcesBuildPhase section */
		15462E0A2C29413900D998CD /* Resources */ = {
			isa = PBXResourcesBuildPhase;
			buildActionMask = 2147483647;
			files = (
				15C0222A2C922029008DD9E2 /* ProductTableViewCell.xib in Resources */,
				15462E192C29413B00D998CD /* Assets.xcassets in Resources */,
				15C4419E2C95C0420057C682 /* FoodsOfRestaurantTableViewCell.xib in Resources */,
				15B07D972C92FE740020F905 /* productCollectionViewCell.xib in Resources */,
				15FA57F32C769E0600815185 /* Home.storyboard in Resources */,
				15203FAB2C4E973A0071044F /* About.storyboard in Resources */,
				159E9F2F2C357D100070B51F /* Nunito-Bold.ttf in Resources */,
				15BBC2572C9F784A00D3528D /* SpecificRestaurant.storyboard in Resources */,
				154452D52C9726CD00C497BC /* Product.storyboard in Resources */,
				15EF28CE2C932CC10003E269 /* NewOfferTableViewCell.xib in Resources */,
				15462E1C2C29413B00D998CD /* Base in Resources */,
				1546AD1F2C62B50400F4EE32 /* Onboarding.storyboard in Resources */,
				15DCDADF2C9B6DFD0002C89C /* GoogleService-Info.plist in Resources */,
				156C03E22C6541E50031FE3D /* Favourites.storyboard in Resources */,
				15EF28D52C936D1C0003E269 /* PopularFoodCollectionViewCell.xib in Resources */,
				15C90B332CA449D0000E386A /* CartTableViewCell.xib in Resources */,
				159E9F2D2C357D010070B51F /* Nunito-Regular.ttf in Resources */,
				15EF28D92C936F3D0003E269 /* PopularFoodTableViewCell.xib in Resources */,
				15462E172C29413900D998CD /* Base in Resources */,
				1546AD1C2C62AC8100F4EE32 /* Localizable.xcstrings in Resources */,
				15E22E612CA4CA91006FBB70 /* AlertViewController.xib in Resources */,
			);
			runOnlyForDeploymentPostprocessing = 0;
		};
/* End PBXResourcesBuildPhase section */

/* Begin PBXSourcesBuildPhase section */
		15462E082C29413900D998CD /* Sources */ = {
			isa = PBXSourcesBuildPhase;
			buildActionMask = 2147483647;
			files = (
				154452E12C97373200C497BC /* AddToCartTableViewCell.swift in Sources */,
				15D63E1E2C2C011B000FD524 /* Restaurant.swift in Sources */,
				15C90B2A2CA43804000E386A /* CartViewController.swift in Sources */,
				15EF28CD2C932CC10003E269 /* NewOfferTableViewCell.swift in Sources */,
				15EF28D42C936D1C0003E269 /* PopularFoodCollectionViewCell.swift in Sources */,
				154FC8442C6037E0006FB46C /* WebViewController.swift in Sources */,
				15C022292C922029008DD9E2 /* ProductTableViewCell.swift in Sources */,
				15BB40A82C371DC6009C4E9E /* NavigationController.swift in Sources */,
				1542E65B2C42C8FA00E12C95 /* NewRestaurantController.swift in Sources */,
				15AB26D02C9098BC0043AAEA /* SliderImagesTableViewCell.swift in Sources */,
				153771EF2C3DB367003C2A63 /* ReviewViewController.swift in Sources */,
				15E22E602CA4CA91006FBB70 /* AlertViewController.swift in Sources */,
				15462E262C295C2A00D998CD /* RestaurantTableViewCell.swift in Sources */,
				15C3BC1D2C669AE400EEEEF9 /* DataPersistentManager.swift in Sources */,
				15462E102C29413900D998CD /* AppDelegate.swift in Sources */,
				15A97B272C745E990069B0A1 /* sliderImageCollectionViewCell.swift in Sources */,
				15AB26CD2C9079EE0043AAEA /* CategoriesTableViewCell.swift in Sources */,
				15C3BC172C66976E00EEEEF9 /* FavouriteTableViewCell.swift in Sources */,
				15462E122C29413900D998CD /* SceneDelegate.swift in Sources */,
				154452D82C9729C800C497BC /* NameAndPriceOfRestaurantTableViewCell.swift in Sources */,
				154452DC2C972C4D00C497BC /* HighlightsTableViewCell.swift in Sources */,
				15BB40A62C3703E4009C4E9E /* UIColor+Ext.swift in Sources */,
				15C3BC1F2C66A5AC00EEEEF9 /* FavouriteRestaurant.swift in Sources */,
				15EF28D02C9330260003E269 /* NewOffer.swift in Sources */,
				1513B25E2C9900E4006AB08A /* FoodsOfSpecificRestaurantViewController.swift in Sources */,
				154452DE2C972DD900C497BC /* HeaderOfProductToCartView.swift in Sources */,
				15BB40A32C36C54D009C4E9E /* RestaurantDetailTwoTableViewCell.swift in Sources */,
				15ACEBBE2C76F0FE000FF23E /* Product.swift in Sources */,
				15C90B2C2CA43CF5000E386A /* Cart.swift in Sources */,
				15C3BC1A2C6699EF00EEEEF9 /* Foodie.xcdatamodeld in Sources */,
				15749D5B2C4A267D00562524 /* WalkthroughViewController.swift in Sources */,
				15D63E242C2C14CA000FD524 /* RestaurantDiffableDataSource.swift in Sources */,
				156C03E42C6542670031FE3D /* FavouriteTableViewController.swift in Sources */,
				154452D22C97268400C497BC /* ProductViewController.swift in Sources */,
				154452DA2C972B8E00C497BC /* sizeOfFoodTableViewCell.swift in Sources */,
				15C4419D2C95C0420057C682 /* FoodsOfRestaurantTableViewCell.swift in Sources */,
				15B07D982C92FE740020F905 /* productCollectionViewCell.swift in Sources */,
				15DD41212C397B5000754947 /* RestaurantDetailMapCell.swift in Sources */,
				15D269992C76A726006CA6DA /* Categories.swift in Sources */,
				153901142C326EF300000F48 /* RestaurantDetailViewController.swift in Sources */,
				1563A97F2C740F18002609F2 /* HomeViewController.swift in Sources */,
				1542E6592C42B98300E12C95 /* RoundedTextField.swift in Sources */,
				15EF28D82C936F3D0003E269 /* PopularFoodTableViewCell.swift in Sources */,
				15C90B322CA449D0000E386A /* CartTableViewCell.swift in Sources */,
				15BB409F2C36C301009C4E9E /* HeaderRestaurantDetailView.swift in Sources */,
				15BB40A12C36C4E3009C4E9E /* RestaurantDescriptionTableViewCell.swift in Sources */,
				15D269972C76A56F006CA6DA /* CategoriesCollectionViewCell.swift in Sources */,
				156339302C4919BD007B4319 /* WalkthroughContentViewController.swift in Sources */,
				153A943A2C5E43DB00A29774 /* AboutTableTableViewController.swift in Sources */,
				15462E242C29453C00D998CD /* RestaurantTableViewController.swift in Sources */,
				15DD41232C39BACA00754947 /* MapViewController.swift in Sources */,
				15749D592C4A229900562524 /* WalkthroughPageViewController.swift in Sources */,
			);
			runOnlyForDeploymentPostprocessing = 0;
		};
/* End PBXSourcesBuildPhase section */

/* Begin PBXVariantGroup section */
		15203FA92C4E973A0071044F /* About.storyboard */ = {
			isa = PBXVariantGroup;
			children = (
				15203FAA2C4E973A0071044F /* Base */,
				1546AD192C62AC1B00F4EE32 /* zh-Hant */,
			);
			name = About.storyboard;
			sourceTree = "<group>";
		};
		154452D32C9726CD00C497BC /* Product.storyboard */ = {
			isa = PBXVariantGroup;
			children = (
				154452D42C9726CD00C497BC /* Base */,
			);
			name = Product.storyboard;
			sourceTree = "<group>";
		};
		15462E152C29413900D998CD /* Main.storyboard */ = {
			isa = PBXVariantGroup;
			children = (
				15462E162C29413900D998CD /* Base */,
				1546AD182C62AC1A00F4EE32 /* zh-Hant */,
			);
			name = Main.storyboard;
			sourceTree = "<group>";
		};
		15462E1A2C29413B00D998CD /* LaunchScreen.storyboard */ = {
			isa = PBXVariantGroup;
			children = (
				15462E1B2C29413B00D998CD /* Base */,
				1546AD172C62AC1A00F4EE32 /* zh-Hant */,
			);
			name = LaunchScreen.storyboard;
			sourceTree = "<group>";
		};
		1546AD1E2C62B50400F4EE32 /* Onboarding.storyboard */ = {
			isa = PBXVariantGroup;
			children = (
				1546AD1D2C62B50400F4EE32 /* Base */,
				1546AD202C62B50400F4EE32 /* mul */,
			);
			name = Onboarding.storyboard;
			sourceTree = "<group>";
		};
		156C03E02C6541E50031FE3D /* Favourites.storyboard */ = {
			isa = PBXVariantGroup;
			children = (
				156C03E12C6541E50031FE3D /* Base */,
			);
			name = Favourites.storyboard;
			sourceTree = "<group>";
		};
		15BBC2552C9F784A00D3528D /* SpecificRestaurant.storyboard */ = {
			isa = PBXVariantGroup;
			children = (
				15BBC2562C9F784A00D3528D /* Base */,
			);
			name = SpecificRestaurant.storyboard;
			sourceTree = "<group>";
		};
		15FA57F12C769E0600815185 /* Home.storyboard */ = {
			isa = PBXVariantGroup;
			children = (
				15FA57F22C769E0600815185 /* Base */,
			);
			name = Home.storyboard;
			sourceTree = "<group>";
		};
/* End PBXVariantGroup section */

/* Begin XCBuildConfiguration section */
		15462E1E2C29413B00D998CD /* Debug */ = {
			isa = XCBuildConfiguration;
			buildSettings = {
				ALWAYS_SEARCH_USER_PATHS = NO;
				ASSETCATALOG_COMPILER_GENERATE_SWIFT_ASSET_SYMBOL_EXTENSIONS = YES;
				CLANG_ANALYZER_LOCALIZABILITY_NONLOCALIZED = YES;
				CLANG_ANALYZER_NONNULL = YES;
				CLANG_ANALYZER_NUMBER_OBJECT_CONVERSION = YES_AGGRESSIVE;
				CLANG_CXX_LANGUAGE_STANDARD = "gnu++20";
				CLANG_ENABLE_MODULES = YES;
				CLANG_ENABLE_OBJC_ARC = YES;
				CLANG_ENABLE_OBJC_WEAK = YES;
				CLANG_WARN_BLOCK_CAPTURE_AUTORELEASING = YES;
				CLANG_WARN_BOOL_CONVERSION = YES;
				CLANG_WARN_COMMA = YES;
				CLANG_WARN_CONSTANT_CONVERSION = YES;
				CLANG_WARN_DEPRECATED_OBJC_IMPLEMENTATIONS = YES;
				CLANG_WARN_DIRECT_OBJC_ISA_USAGE = YES_ERROR;
				CLANG_WARN_DOCUMENTATION_COMMENTS = YES;
				CLANG_WARN_EMPTY_BODY = YES;
				CLANG_WARN_ENUM_CONVERSION = YES;
				CLANG_WARN_INFINITE_RECURSION = YES;
				CLANG_WARN_INT_CONVERSION = YES;
				CLANG_WARN_NON_LITERAL_NULL_CONVERSION = YES;
				CLANG_WARN_OBJC_IMPLICIT_RETAIN_SELF = YES;
				CLANG_WARN_OBJC_LITERAL_CONVERSION = YES;
				CLANG_WARN_OBJC_ROOT_CLASS = YES_ERROR;
				CLANG_WARN_QUOTED_INCLUDE_IN_FRAMEWORK_HEADER = YES;
				CLANG_WARN_RANGE_LOOP_ANALYSIS = YES;
				CLANG_WARN_STRICT_PROTOTYPES = YES;
				CLANG_WARN_SUSPICIOUS_MOVE = YES;
				CLANG_WARN_UNGUARDED_AVAILABILITY = YES_AGGRESSIVE;
				CLANG_WARN_UNREACHABLE_CODE = YES;
				CLANG_WARN__DUPLICATE_METHOD_MATCH = YES;
				COPY_PHASE_STRIP = NO;
				DEBUG_INFORMATION_FORMAT = dwarf;
				ENABLE_STRICT_OBJC_MSGSEND = YES;
				ENABLE_TESTABILITY = YES;
				ENABLE_USER_SCRIPT_SANDBOXING = YES;
				GCC_C_LANGUAGE_STANDARD = gnu17;
				GCC_DYNAMIC_NO_PIC = NO;
				GCC_NO_COMMON_BLOCKS = YES;
				GCC_OPTIMIZATION_LEVEL = 0;
				GCC_PREPROCESSOR_DEFINITIONS = (
					"DEBUG=1",
					"$(inherited)",
				);
				GCC_WARN_64_TO_32_BIT_CONVERSION = YES;
				GCC_WARN_ABOUT_RETURN_TYPE = YES_ERROR;
				GCC_WARN_UNDECLARED_SELECTOR = YES;
				GCC_WARN_UNINITIALIZED_AUTOS = YES_AGGRESSIVE;
				GCC_WARN_UNUSED_FUNCTION = YES;
				GCC_WARN_UNUSED_VARIABLE = YES;
				IPHONEOS_DEPLOYMENT_TARGET = 17.5;
				LOCALIZATION_PREFERS_STRING_CATALOGS = YES;
				MTL_ENABLE_DEBUG_INFO = INCLUDE_SOURCE;
				MTL_FAST_MATH = YES;
				ONLY_ACTIVE_ARCH = YES;
				SDKROOT = iphoneos;
				SWIFT_ACTIVE_COMPILATION_CONDITIONS = "DEBUG $(inherited)";
				SWIFT_OPTIMIZATION_LEVEL = "-Onone";
			};
			name = Debug;
		};
		15462E1F2C29413B00D998CD /* Release */ = {
			isa = XCBuildConfiguration;
			buildSettings = {
				ALWAYS_SEARCH_USER_PATHS = NO;
				ASSETCATALOG_COMPILER_GENERATE_SWIFT_ASSET_SYMBOL_EXTENSIONS = YES;
				CLANG_ANALYZER_LOCALIZABILITY_NONLOCALIZED = YES;
				CLANG_ANALYZER_NONNULL = YES;
				CLANG_ANALYZER_NUMBER_OBJECT_CONVERSION = YES_AGGRESSIVE;
				CLANG_CXX_LANGUAGE_STANDARD = "gnu++20";
				CLANG_ENABLE_MODULES = YES;
				CLANG_ENABLE_OBJC_ARC = YES;
				CLANG_ENABLE_OBJC_WEAK = YES;
				CLANG_WARN_BLOCK_CAPTURE_AUTORELEASING = YES;
				CLANG_WARN_BOOL_CONVERSION = YES;
				CLANG_WARN_COMMA = YES;
				CLANG_WARN_CONSTANT_CONVERSION = YES;
				CLANG_WARN_DEPRECATED_OBJC_IMPLEMENTATIONS = YES;
				CLANG_WARN_DIRECT_OBJC_ISA_USAGE = YES_ERROR;
				CLANG_WARN_DOCUMENTATION_COMMENTS = YES;
				CLANG_WARN_EMPTY_BODY = YES;
				CLANG_WARN_ENUM_CONVERSION = YES;
				CLANG_WARN_INFINITE_RECURSION = YES;
				CLANG_WARN_INT_CONVERSION = YES;
				CLANG_WARN_NON_LITERAL_NULL_CONVERSION = YES;
				CLANG_WARN_OBJC_IMPLICIT_RETAIN_SELF = YES;
				CLANG_WARN_OBJC_LITERAL_CONVERSION = YES;
				CLANG_WARN_OBJC_ROOT_CLASS = YES_ERROR;
				CLANG_WARN_QUOTED_INCLUDE_IN_FRAMEWORK_HEADER = YES;
				CLANG_WARN_RANGE_LOOP_ANALYSIS = YES;
				CLANG_WARN_STRICT_PROTOTYPES = YES;
				CLANG_WARN_SUSPICIOUS_MOVE = YES;
				CLANG_WARN_UNGUARDED_AVAILABILITY = YES_AGGRESSIVE;
				CLANG_WARN_UNREACHABLE_CODE = YES;
				CLANG_WARN__DUPLICATE_METHOD_MATCH = YES;
				COPY_PHASE_STRIP = NO;
				DEBUG_INFORMATION_FORMAT = "dwarf-with-dsym";
				ENABLE_NS_ASSERTIONS = NO;
				ENABLE_STRICT_OBJC_MSGSEND = YES;
				ENABLE_USER_SCRIPT_SANDBOXING = YES;
				GCC_C_LANGUAGE_STANDARD = gnu17;
				GCC_NO_COMMON_BLOCKS = YES;
				GCC_WARN_64_TO_32_BIT_CONVERSION = YES;
				GCC_WARN_ABOUT_RETURN_TYPE = YES_ERROR;
				GCC_WARN_UNDECLARED_SELECTOR = YES;
				GCC_WARN_UNINITIALIZED_AUTOS = YES_AGGRESSIVE;
				GCC_WARN_UNUSED_FUNCTION = YES;
				GCC_WARN_UNUSED_VARIABLE = YES;
				IPHONEOS_DEPLOYMENT_TARGET = 17.5;
				LOCALIZATION_PREFERS_STRING_CATALOGS = YES;
				MTL_ENABLE_DEBUG_INFO = NO;
				MTL_FAST_MATH = YES;
				SDKROOT = iphoneos;
				SWIFT_COMPILATION_MODE = wholemodule;
				VALIDATE_PRODUCT = YES;
			};
			name = Release;
		};
		15462E212C29413B00D998CD /* Debug */ = {
			isa = XCBuildConfiguration;
			buildSettings = {
				ASSETCATALOG_COMPILER_APPICON_NAME = AppIcon;
				ASSETCATALOG_COMPILER_GLOBAL_ACCENT_COLOR_NAME = AccentColor;
				CODE_SIGN_STYLE = Automatic;
				CURRENT_PROJECT_VERSION = 1;
				GENERATE_INFOPLIST_FILE = YES;
				INFOPLIST_FILE = Foodie/Info.plist;
				INFOPLIST_KEY_UIApplicationSupportsIndirectInputEvents = YES;
				INFOPLIST_KEY_UILaunchStoryboardName = LaunchScreen;
				INFOPLIST_KEY_UIMainStoryboardFile = Main;
				INFOPLIST_KEY_UIStatusBarStyle = "";
				INFOPLIST_KEY_UISupportedInterfaceOrientations_iPad = "UIInterfaceOrientationPortrait UIInterfaceOrientationPortraitUpsideDown UIInterfaceOrientationLandscapeLeft UIInterfaceOrientationLandscapeRight";
				INFOPLIST_KEY_UISupportedInterfaceOrientations_iPhone = "UIInterfaceOrientationPortrait UIInterfaceOrientationLandscapeLeft UIInterfaceOrientationLandscapeRight";
				LD_RUNPATH_SEARCH_PATHS = (
					"$(inherited)",
					"@executable_path/Frameworks",
				);
				MARKETING_VERSION = 1.0;
				PRODUCT_BUNDLE_IDENTIFIER = com.MahmoudAlaa.Foodie;
				PRODUCT_NAME = "$(TARGET_NAME)";
				SWIFT_EMIT_LOC_STRINGS = YES;
				SWIFT_VERSION = 5.0;
				TARGETED_DEVICE_FAMILY = "1,2";
			};
			name = Debug;
		};
		15462E222C29413B00D998CD /* Release */ = {
			isa = XCBuildConfiguration;
			buildSettings = {
				ASSETCATALOG_COMPILER_APPICON_NAME = AppIcon;
				ASSETCATALOG_COMPILER_GLOBAL_ACCENT_COLOR_NAME = AccentColor;
				CODE_SIGN_STYLE = Automatic;
				CURRENT_PROJECT_VERSION = 1;
				GENERATE_INFOPLIST_FILE = YES;
				INFOPLIST_FILE = Foodie/Info.plist;
				INFOPLIST_KEY_UIApplicationSupportsIndirectInputEvents = YES;
				INFOPLIST_KEY_UILaunchStoryboardName = LaunchScreen;
				INFOPLIST_KEY_UIMainStoryboardFile = Main;
				INFOPLIST_KEY_UIStatusBarStyle = "";
				INFOPLIST_KEY_UISupportedInterfaceOrientations_iPad = "UIInterfaceOrientationPortrait UIInterfaceOrientationPortraitUpsideDown UIInterfaceOrientationLandscapeLeft UIInterfaceOrientationLandscapeRight";
				INFOPLIST_KEY_UISupportedInterfaceOrientations_iPhone = "UIInterfaceOrientationPortrait UIInterfaceOrientationLandscapeLeft UIInterfaceOrientationLandscapeRight";
				LD_RUNPATH_SEARCH_PATHS = (
					"$(inherited)",
					"@executable_path/Frameworks",
				);
				MARKETING_VERSION = 1.0;
				PRODUCT_BUNDLE_IDENTIFIER = com.MahmoudAlaa.Foodie;
				PRODUCT_NAME = "$(TARGET_NAME)";
				SWIFT_EMIT_LOC_STRINGS = YES;
				SWIFT_VERSION = 5.0;
				TARGETED_DEVICE_FAMILY = "1,2";
			};
			name = Release;
		};
/* End XCBuildConfiguration section */

/* Begin XCConfigurationList section */
		15462E072C29413900D998CD /* Build configuration list for PBXProject "Foodie" */ = {
			isa = XCConfigurationList;
			buildConfigurations = (
				15462E1E2C29413B00D998CD /* Debug */,
				15462E1F2C29413B00D998CD /* Release */,
			);
			defaultConfigurationIsVisible = 0;
			defaultConfigurationName = Release;
		};
		15462E202C29413B00D998CD /* Build configuration list for PBXNativeTarget "Foodie" */ = {
			isa = XCConfigurationList;
			buildConfigurations = (
				15462E212C29413B00D998CD /* Debug */,
				15462E222C29413B00D998CD /* Release */,
			);
			defaultConfigurationIsVisible = 0;
			defaultConfigurationName = Release;
		};
/* End XCConfigurationList section */

/* Begin XCRemoteSwiftPackageReference section */
		158AB37C2CA84189008FAAB1 /* XCRemoteSwiftPackageReference "JGProgressHUD" */ = {
			isa = XCRemoteSwiftPackageReference;
			repositoryURL = "https://github.com/JonasGessner/JGProgressHUD";
			requirement = {
				kind = upToNextMajorVersion;
				minimumVersion = 2.2.0;
			};
		};
		15DCDAD72C9B68170002C89C /* XCRemoteSwiftPackageReference "firebase-ios-sdk" */ = {
			isa = XCRemoteSwiftPackageReference;
			repositoryURL = "https://github.com/firebase/firebase-ios-sdk.git";
			requirement = {
				kind = upToNextMajorVersion;
				minimumVersion = 11.2.0;
			};
		};
/* End XCRemoteSwiftPackageReference section */

/* Begin XCSwiftPackageProductDependency section */
		158AB37D2CA8418A008FAAB1 /* JGProgressHUD */ = {
			isa = XCSwiftPackageProductDependency;
			package = 158AB37C2CA84189008FAAB1 /* XCRemoteSwiftPackageReference "JGProgressHUD" */;
			productName = JGProgressHUD;
		};
		15DCDAD82C9B68170002C89C /* FirebaseDatabase */ = {
			isa = XCSwiftPackageProductDependency;
			package = 15DCDAD72C9B68170002C89C /* XCRemoteSwiftPackageReference "firebase-ios-sdk" */;
			productName = FirebaseDatabase;
		};
		15DCDADA2C9B68170002C89C /* FirebaseFirestore */ = {
			isa = XCSwiftPackageProductDependency;
			package = 15DCDAD72C9B68170002C89C /* XCRemoteSwiftPackageReference "firebase-ios-sdk" */;
			productName = FirebaseFirestore;
		};
		15DCDADC2C9B68170002C89C /* FirebaseStorage */ = {
			isa = XCSwiftPackageProductDependency;
			package = 15DCDAD72C9B68170002C89C /* XCRemoteSwiftPackageReference "firebase-ios-sdk" */;
			productName = FirebaseStorage;
		};
/* End XCSwiftPackageProductDependency section */

/* Begin XCVersionGroup section */
		15C3BC182C6699EF00EEEEF9 /* Foodie.xcdatamodeld */ = {
			isa = XCVersionGroup;
			children = (
				15C3BC192C6699EF00EEEEF9 /* Foodie.xcdatamodel */,
			);
			currentVersion = 15C3BC192C6699EF00EEEEF9 /* Foodie.xcdatamodel */;
			path = Foodie.xcdatamodeld;
			sourceTree = "<group>";
			versionGroupType = wrapper.xcdatamodel;
		};
/* End XCVersionGroup section */
	};
	rootObject = 15462E042C29413900D998CD /* Project object */;
}
