// !$*UTF8*$!
{
	archiveVersion = 1;
	classes = {
	};
	objectVersion = 56;
	objects = {

/* Begin PBXBuildFile section */
		15203FAB2C4E973A0071044F /* About.storyboard in Resources */ = {isa = PBXBuildFile; fileRef = 15203FA92C4E973A0071044F /* About.storyboard */; };
		15203FAE2C4E97590071044F /* Discover.storyboard in Resources */ = {isa = PBXBuildFile; fileRef = 15203FAC2C4E97590071044F /* Discover.storyboard */; };
		153771EF2C3DB367003C2A63 /* ReviewViewController.swift in Sources */ = {isa = PBXBuildFile; fileRef = 153771EE2C3DB367003C2A63 /* ReviewViewController.swift */; };
		153901142C326EF300000F48 /* RestaurantDetailViewController.swift in Sources */ = {isa = PBXBuildFile; fileRef = 153901132C326EF300000F48 /* RestaurantDetailViewController.swift */; };
		1542E6592C42B98300E12C95 /* RoundedTextField.swift in Sources */ = {isa = PBXBuildFile; fileRef = 1542E6582C42B98300E12C95 /* RoundedTextField.swift */; };
		1542E65B2C42C8FA00E12C95 /* NewRestaurantController.swift in Sources */ = {isa = PBXBuildFile; fileRef = 1542E65A2C42C8FA00E12C95 /* NewRestaurantController.swift */; };
		15462E102C29413900D998CD /* AppDelegate.swift in Sources */ = {isa = PBXBuildFile; fileRef = 15462E0F2C29413900D998CD /* AppDelegate.swift */; };
		15462E122C29413900D998CD /* SceneDelegate.swift in Sources */ = {isa = PBXBuildFile; fileRef = 15462E112C29413900D998CD /* SceneDelegate.swift */; };
		15462E172C29413900D998CD /* Base in Resources */ = {isa = PBXBuildFile; fileRef = 15462E162C29413900D998CD /* Base */; };
		15462E192C29413B00D998CD /* Assets.xcassets in Resources */ = {isa = PBXBuildFile; fileRef = 15462E182C29413B00D998CD /* Assets.xcassets */; };
		15462E1C2C29413B00D998CD /* Base in Resources */ = {isa = PBXBuildFile; fileRef = 15462E1B2C29413B00D998CD /* Base */; };
		15462E242C29453C00D998CD /* RestaurantTableViewController.swift in Sources */ = {isa = PBXBuildFile; fileRef = 15462E232C29453C00D998CD /* RestaurantTableViewController.swift */; };
		15462E262C295C2A00D998CD /* RestaurantTableViewCell.swift in Sources */ = {isa = PBXBuildFile; fileRef = 15462E252C295C2A00D998CD /* RestaurantTableViewCell.swift */; };
		1563392E2C48DCEA007B4319 /* Onboarding.storyboard in Resources */ = {isa = PBXBuildFile; fileRef = 1563392D2C48DCEA007B4319 /* Onboarding.storyboard */; };
		156339302C4919BD007B4319 /* WalkthroughContentViewController.swift in Sources */ = {isa = PBXBuildFile; fileRef = 1563392F2C4919BD007B4319 /* WalkthroughContentViewController.swift */; };
		15749D592C4A229900562524 /* WalkthroughPageViewController.swift in Sources */ = {isa = PBXBuildFile; fileRef = 15749D582C4A229900562524 /* WalkthroughPageViewController.swift */; };
		15749D5B2C4A267D00562524 /* WalkthroughViewController.swift in Sources */ = {isa = PBXBuildFile; fileRef = 15749D5A2C4A267D00562524 /* WalkthroughViewController.swift */; };
		159E9F2D2C357D010070B51F /* Nunito-Regular.ttf in Resources */ = {isa = PBXBuildFile; fileRef = 159E9F2C2C357D010070B51F /* Nunito-Regular.ttf */; };
		159E9F2F2C357D100070B51F /* Nunito-Bold.ttf in Resources */ = {isa = PBXBuildFile; fileRef = 159E9F2E2C357D100070B51F /* Nunito-Bold.ttf */; };
		15BB409F2C36C301009C4E9E /* HeaderRestaurantDetailView.swift in Sources */ = {isa = PBXBuildFile; fileRef = 15BB409E2C36C301009C4E9E /* HeaderRestaurantDetailView.swift */; };
		15BB40A12C36C4E3009C4E9E /* RestaurantDescriptionTableViewCell.swift in Sources */ = {isa = PBXBuildFile; fileRef = 15BB40A02C36C4E3009C4E9E /* RestaurantDescriptionTableViewCell.swift */; };
		15BB40A32C36C54D009C4E9E /* RestaurantDetailTwoTableViewCell.swift in Sources */ = {isa = PBXBuildFile; fileRef = 15BB40A22C36C54D009C4E9E /* RestaurantDetailTwoTableViewCell.swift */; };
		15BB40A62C3703E4009C4E9E /* UIColor+Ext.swift in Sources */ = {isa = PBXBuildFile; fileRef = 15BB40A52C3703E4009C4E9E /* UIColor+Ext.swift */; };
		15BB40A82C371DC6009C4E9E /* NavigationController.swift in Sources */ = {isa = PBXBuildFile; fileRef = 15BB40A72C371DC6009C4E9E /* NavigationController.swift */; };
		15D63E1E2C2C011B000FD524 /* Restaurant.swift in Sources */ = {isa = PBXBuildFile; fileRef = 15D63E1D2C2C011B000FD524 /* Restaurant.swift */; };
		15D63E242C2C14CA000FD524 /* RestaurantDiffableDataSource.swift in Sources */ = {isa = PBXBuildFile; fileRef = 15D63E232C2C14CA000FD524 /* RestaurantDiffableDataSource.swift */; };
		15DD41212C397B5000754947 /* RestaurantDetailMapCell.swift in Sources */ = {isa = PBXBuildFile; fileRef = 15DD41202C397B5000754947 /* RestaurantDetailMapCell.swift */; };
		15DD41232C39BACA00754947 /* MapViewController.swift in Sources */ = {isa = PBXBuildFile; fileRef = 15DD41222C39BACA00754947 /* MapViewController.swift */; };
/* End PBXBuildFile section */

/* Begin PBXFileReference section */
		15203FAA2C4E973A0071044F /* Base */ = {isa = PBXFileReference; lastKnownFileType = file.storyboard; name = Base; path = Foodie/Storyboard/Base.lproj/About.storyboard; sourceTree = "<group>"; };
		15203FAD2C4E97590071044F /* Base */ = {isa = PBXFileReference; lastKnownFileType = file.storyboard; name = Base; path = Foodie/Storyboard/Base.lproj/Discover.storyboard; sourceTree = "<group>"; };
		153771EE2C3DB367003C2A63 /* ReviewViewController.swift */ = {isa = PBXFileReference; lastKnownFileType = sourcecode.swift; path = ReviewViewController.swift; sourceTree = "<group>"; };
		153901132C326EF300000F48 /* RestaurantDetailViewController.swift */ = {isa = PBXFileReference; lastKnownFileType = sourcecode.swift; path = RestaurantDetailViewController.swift; sourceTree = "<group>"; };
		1542E6582C42B98300E12C95 /* RoundedTextField.swift */ = {isa = PBXFileReference; lastKnownFileType = sourcecode.swift; path = RoundedTextField.swift; sourceTree = "<group>"; };
		1542E65A2C42C8FA00E12C95 /* NewRestaurantController.swift */ = {isa = PBXFileReference; lastKnownFileType = sourcecode.swift; path = NewRestaurantController.swift; sourceTree = "<group>"; };
		15462E0C2C29413900D998CD /* Foodie.app */ = {isa = PBXFileReference; explicitFileType = wrapper.application; includeInIndex = 0; path = Foodie.app; sourceTree = BUILT_PRODUCTS_DIR; };
		15462E0F2C29413900D998CD /* AppDelegate.swift */ = {isa = PBXFileReference; lastKnownFileType = sourcecode.swift; path = AppDelegate.swift; sourceTree = "<group>"; };
		15462E112C29413900D998CD /* SceneDelegate.swift */ = {isa = PBXFileReference; lastKnownFileType = sourcecode.swift; path = SceneDelegate.swift; sourceTree = "<group>"; };
		15462E162C29413900D998CD /* Base */ = {isa = PBXFileReference; lastKnownFileType = file.storyboard; name = Base; path = Base.lproj/Main.storyboard; sourceTree = "<group>"; };
		15462E182C29413B00D998CD /* Assets.xcassets */ = {isa = PBXFileReference; lastKnownFileType = folder.assetcatalog; path = Assets.xcassets; sourceTree = "<group>"; };
		15462E1B2C29413B00D998CD /* Base */ = {isa = PBXFileReference; lastKnownFileType = file.storyboard; name = Base; path = Base.lproj/LaunchScreen.storyboard; sourceTree = "<group>"; };
		15462E1D2C29413B00D998CD /* Info.plist */ = {isa = PBXFileReference; lastKnownFileType = text.plist.xml; path = Info.plist; sourceTree = "<group>"; };
		15462E232C29453C00D998CD /* RestaurantTableViewController.swift */ = {isa = PBXFileReference; lastKnownFileType = sourcecode.swift; path = RestaurantTableViewController.swift; sourceTree = "<group>"; };
		15462E252C295C2A00D998CD /* RestaurantTableViewCell.swift */ = {isa = PBXFileReference; lastKnownFileType = sourcecode.swift; path = RestaurantTableViewCell.swift; sourceTree = "<group>"; };
		1563392D2C48DCEA007B4319 /* Onboarding.storyboard */ = {isa = PBXFileReference; lastKnownFileType = file.storyboard; path = Onboarding.storyboard; sourceTree = "<group>"; };
		1563392F2C4919BD007B4319 /* WalkthroughContentViewController.swift */ = {isa = PBXFileReference; lastKnownFileType = sourcecode.swift; path = WalkthroughContentViewController.swift; sourceTree = "<group>"; };
		15749D582C4A229900562524 /* WalkthroughPageViewController.swift */ = {isa = PBXFileReference; lastKnownFileType = sourcecode.swift; path = WalkthroughPageViewController.swift; sourceTree = "<group>"; };
		15749D5A2C4A267D00562524 /* WalkthroughViewController.swift */ = {isa = PBXFileReference; lastKnownFileType = sourcecode.swift; path = WalkthroughViewController.swift; sourceTree = "<group>"; };
		159E9F2C2C357D010070B51F /* Nunito-Regular.ttf */ = {isa = PBXFileReference; lastKnownFileType = file; path = "Nunito-Regular.ttf"; sourceTree = "<group>"; };
		159E9F2E2C357D100070B51F /* Nunito-Bold.ttf */ = {isa = PBXFileReference; lastKnownFileType = file; path = "Nunito-Bold.ttf"; sourceTree = "<group>"; };
		15BB409E2C36C301009C4E9E /* HeaderRestaurantDetailView.swift */ = {isa = PBXFileReference; lastKnownFileType = sourcecode.swift; path = HeaderRestaurantDetailView.swift; sourceTree = "<group>"; };
		15BB40A02C36C4E3009C4E9E /* RestaurantDescriptionTableViewCell.swift */ = {isa = PBXFileReference; lastKnownFileType = sourcecode.swift; path = RestaurantDescriptionTableViewCell.swift; sourceTree = "<group>"; };
		15BB40A22C36C54D009C4E9E /* RestaurantDetailTwoTableViewCell.swift */ = {isa = PBXFileReference; lastKnownFileType = sourcecode.swift; path = RestaurantDetailTwoTableViewCell.swift; sourceTree = "<group>"; };
		15BB40A52C3703E4009C4E9E /* UIColor+Ext.swift */ = {isa = PBXFileReference; lastKnownFileType = sourcecode.swift; path = "UIColor+Ext.swift"; sourceTree = "<group>"; };
		15BB40A72C371DC6009C4E9E /* NavigationController.swift */ = {isa = PBXFileReference; lastKnownFileType = sourcecode.swift; path = NavigationController.swift; sourceTree = "<group>"; };
		15D63E1D2C2C011B000FD524 /* Restaurant.swift */ = {isa = PBXFileReference; lastKnownFileType = sourcecode.swift; path = Restaurant.swift; sourceTree = "<group>"; };
		15D63E232C2C14CA000FD524 /* RestaurantDiffableDataSource.swift */ = {isa = PBXFileReference; lastKnownFileType = sourcecode.swift; path = RestaurantDiffableDataSource.swift; sourceTree = "<group>"; };
		15DD41202C397B5000754947 /* RestaurantDetailMapCell.swift */ = {isa = PBXFileReference; lastKnownFileType = sourcecode.swift; path = RestaurantDetailMapCell.swift; sourceTree = "<group>"; };
		15DD41222C39BACA00754947 /* MapViewController.swift */ = {isa = PBXFileReference; lastKnownFileType = sourcecode.swift; path = MapViewController.swift; sourceTree = "<group>"; };
/* End PBXFileReference section */

/* Begin PBXFrameworksBuildPhase section */
		15462E092C29413900D998CD /* Frameworks */ = {
			isa = PBXFrameworksBuildPhase;
			buildActionMask = 2147483647;
			files = (
			);
			runOnlyForDeploymentPostprocessing = 0;
		};
/* End PBXFrameworksBuildPhase section */

/* Begin PBXGroup section */
		15462E032C29413900D998CD = {
			isa = PBXGroup;
			children = (
				15BB40A42C3703CF009C4E9E /* Extensions */,
				159E9F2A2C357CAC0070B51F /* Resources */,
				15462E0E2C29413900D998CD /* Foodie */,
				15462E0D2C29413900D998CD /* Products */,
			);
			sourceTree = "<group>";
		};
		15462E0D2C29413900D998CD /* Products */ = {
			isa = PBXGroup;
			children = (
				15462E0C2C29413900D998CD /* Foodie.app */,
			);
			name = Products;
			sourceTree = "<group>";
		};
		15462E0E2C29413900D998CD /* Foodie */ = {
			isa = PBXGroup;
			children = (
				15462E0F2C29413900D998CD /* AppDelegate.swift */,
				15462E112C29413900D998CD /* SceneDelegate.swift */,
				15D63E222C2C072E000FD524 /* Storyboard */,
				15D63E1F2C2C06F2000FD524 /* Model */,
				15D63E202C2C06FB000FD524 /* View */,
				15D63E212C2C0702000FD524 /* Controller */,
				15462E182C29413B00D998CD /* Assets.xcassets */,
				15462E1D2C29413B00D998CD /* Info.plist */,
			);
			path = Foodie;
			sourceTree = "<group>";
		};
		159E9F2A2C357CAC0070B51F /* Resources */ = {
			isa = PBXGroup;
			children = (
				159E9F2B2C357CB60070B51F /* Fonts */,
			);
			path = Resources;
			sourceTree = "<group>";
		};
		159E9F2B2C357CB60070B51F /* Fonts */ = {
			isa = PBXGroup;
			children = (
				159E9F2C2C357D010070B51F /* Nunito-Regular.ttf */,
				159E9F2E2C357D100070B51F /* Nunito-Bold.ttf */,
			);
			path = Fonts;
			sourceTree = "<group>";
		};
		15BB40A42C3703CF009C4E9E /* Extensions */ = {
			isa = PBXGroup;
			children = (
				15BB40A52C3703E4009C4E9E /* UIColor+Ext.swift */,
			);
			path = Extensions;
			sourceTree = "<group>";
		};
		15D63E1F2C2C06F2000FD524 /* Model */ = {
			isa = PBXGroup;
			children = (
				15D63E1D2C2C011B000FD524 /* Restaurant.swift */,
				15D63E232C2C14CA000FD524 /* RestaurantDiffableDataSource.swift */,
			);
			path = Model;
			sourceTree = "<group>";
		};
		15D63E202C2C06FB000FD524 /* View */ = {
			isa = PBXGroup;
			children = (
				15462E252C295C2A00D998CD /* RestaurantTableViewCell.swift */,
				15BB409E2C36C301009C4E9E /* HeaderRestaurantDetailView.swift */,
				15BB40A02C36C4E3009C4E9E /* RestaurantDescriptionTableViewCell.swift */,
				15BB40A22C36C54D009C4E9E /* RestaurantDetailTwoTableViewCell.swift */,
				15DD41202C397B5000754947 /* RestaurantDetailMapCell.swift */,
				1542E6582C42B98300E12C95 /* RoundedTextField.swift */,
			);
			path = View;
			sourceTree = "<group>";
		};
		15D63E212C2C0702000FD524 /* Controller */ = {
			isa = PBXGroup;
			children = (
				15462E232C29453C00D998CD /* RestaurantTableViewController.swift */,
				153901132C326EF300000F48 /* RestaurantDetailViewController.swift */,
				15BB40A72C371DC6009C4E9E /* NavigationController.swift */,
				15DD41222C39BACA00754947 /* MapViewController.swift */,
				153771EE2C3DB367003C2A63 /* ReviewViewController.swift */,
				1542E65A2C42C8FA00E12C95 /* NewRestaurantController.swift */,
				1563392F2C4919BD007B4319 /* WalkthroughContentViewController.swift */,
				15749D582C4A229900562524 /* WalkthroughPageViewController.swift */,
				15749D5A2C4A267D00562524 /* WalkthroughViewController.swift */,
			);
			path = Controller;
			sourceTree = "<group>";
		};
		15D63E222C2C072E000FD524 /* Storyboard */ = {
			isa = PBXGroup;
			children = (
				15462E1A2C29413B00D998CD /* LaunchScreen.storyboard */,
				1563392D2C48DCEA007B4319 /* Onboarding.storyboard */,
				15462E152C29413900D998CD /* Main.storyboard */,
				15203FA92C4E973A0071044F /* About.storyboard */,
				15203FAC2C4E97590071044F /* Discover.storyboard */,
			);
			path = Storyboard;
			sourceTree = "<group>";
		};
/* End PBXGroup section */

/* Begin PBXNativeTarget section */
		15462E0B2C29413900D998CD /* Foodie */ = {
			isa = PBXNativeTarget;
			buildConfigurationList = 15462E202C29413B00D998CD /* Build configuration list for PBXNativeTarget "Foodie" */;
			buildPhases = (
				15462E082C29413900D998CD /* Sources */,
				15462E092C29413900D998CD /* Frameworks */,
				15462E0A2C29413900D998CD /* Resources */,
			);
			buildRules = (
			);
			dependencies = (
			);
			name = Foodie;
			productName = Foodie;
			productReference = 15462E0C2C29413900D998CD /* Foodie.app */;
			productType = "com.apple.product-type.application";
		};
/* End PBXNativeTarget section */

/* Begin PBXProject section */
		15462E042C29413900D998CD /* Project object */ = {
			isa = PBXProject;
			attributes = {
				BuildIndependentTargetsInParallel = 1;
				LastSwiftUpdateCheck = 1540;
				LastUpgradeCheck = 1540;
				TargetAttributes = {
					15462E0B2C29413900D998CD = {
						CreatedOnToolsVersion = 15.4;
					};
				};
			};
			buildConfigurationList = 15462E072C29413900D998CD /* Build configuration list for PBXProject "Foodie" */;
			compatibilityVersion = "Xcode 14.0";
			developmentRegion = en;
			hasScannedForEncodings = 0;
			knownRegions = (
				en,
				Base,
			);
			mainGroup = 15462E032C29413900D998CD;
			productRefGroup = 15462E0D2C29413900D998CD /* Products */;
			projectDirPath = "";
			projectRoot = "";
			targets = (
				15462E0B2C29413900D998CD /* Foodie */,
			);
		};
/* End PBXProject section */

/* Begin PBXResourcesBuildPhase section */
		15462E0A2C29413900D998CD /* Resources */ = {
			isa = PBXResourcesBuildPhase;
			buildActionMask = 2147483647;
			files = (
				15462E192C29413B00D998CD /* Assets.xcassets in Resources */,
				15203FAE2C4E97590071044F /* Discover.storyboard in Resources */,
				15203FAB2C4E973A0071044F /* About.storyboard in Resources */,
				159E9F2F2C357D100070B51F /* Nunito-Bold.ttf in Resources */,
				15462E1C2C29413B00D998CD /* Base in Resources */,
				1563392E2C48DCEA007B4319 /* Onboarding.storyboard in Resources */,
				159E9F2D2C357D010070B51F /* Nunito-Regular.ttf in Resources */,
				15462E172C29413900D998CD /* Base in Resources */,
			);
			runOnlyForDeploymentPostprocessing = 0;
		};
/* End PBXResourcesBuildPhase section */

/* Begin PBXSourcesBuildPhase section */
		15462E082C29413900D998CD /* Sources */ = {
			isa = PBXSourcesBuildPhase;
			buildActionMask = 2147483647;
			files = (
				15D63E1E2C2C011B000FD524 /* Restaurant.swift in Sources */,
				15BB40A82C371DC6009C4E9E /* NavigationController.swift in Sources */,
				1542E65B2C42C8FA00E12C95 /* NewRestaurantController.swift in Sources */,
				153771EF2C3DB367003C2A63 /* ReviewViewController.swift in Sources */,
				15462E262C295C2A00D998CD /* RestaurantTableViewCell.swift in Sources */,
				15462E102C29413900D998CD /* AppDelegate.swift in Sources */,
				15462E122C29413900D998CD /* SceneDelegate.swift in Sources */,
				15BB40A62C3703E4009C4E9E /* UIColor+Ext.swift in Sources */,
				15BB40A32C36C54D009C4E9E /* RestaurantDetailTwoTableViewCell.swift in Sources */,
				15749D5B2C4A267D00562524 /* WalkthroughViewController.swift in Sources */,
				15D63E242C2C14CA000FD524 /* RestaurantDiffableDataSource.swift in Sources */,
				15DD41212C397B5000754947 /* RestaurantDetailMapCell.swift in Sources */,
				153901142C326EF300000F48 /* RestaurantDetailViewController.swift in Sources */,
				1542E6592C42B98300E12C95 /* RoundedTextField.swift in Sources */,
				15BB409F2C36C301009C4E9E /* HeaderRestaurantDetailView.swift in Sources */,
				15BB40A12C36C4E3009C4E9E /* RestaurantDescriptionTableViewCell.swift in Sources */,
				156339302C4919BD007B4319 /* WalkthroughContentViewController.swift in Sources */,
				15462E242C29453C00D998CD /* RestaurantTableViewController.swift in Sources */,
				15DD41232C39BACA00754947 /* MapViewController.swift in Sources */,
				15749D592C4A229900562524 /* WalkthroughPageViewController.swift in Sources */,
			);
			runOnlyForDeploymentPostprocessing = 0;
		};
/* End PBXSourcesBuildPhase section */

/* Begin PBXVariantGroup section */
		15203FA92C4E973A0071044F /* About.storyboard */ = {
			isa = PBXVariantGroup;
			children = (
				15203FAA2C4E973A0071044F /* Base */,
			);
			name = About.storyboard;
			sourceTree = "<group>";
		};
		15203FAC2C4E97590071044F /* Discover.storyboard */ = {
			isa = PBXVariantGroup;
			children = (
				15203FAD2C4E97590071044F /* Base */,
			);
			name = Discover.storyboard;
			sourceTree = "<group>";
		};
		15462E152C29413900D998CD /* Main.storyboard */ = {
			isa = PBXVariantGroup;
			children = (
				15462E162C29413900D998CD /* Base */,
			);
			name = Main.storyboard;
			sourceTree = "<group>";
		};
		15462E1A2C29413B00D998CD /* LaunchScreen.storyboard */ = {
			isa = PBXVariantGroup;
			children = (
				15462E1B2C29413B00D998CD /* Base */,
			);
			name = LaunchScreen.storyboard;
			sourceTree = "<group>";
		};
/* End PBXVariantGroup section */

/* Begin XCBuildConfiguration section */
		15462E1E2C29413B00D998CD /* Debug */ = {
			isa = XCBuildConfiguration;
			buildSettings = {
				ALWAYS_SEARCH_USER_PATHS = NO;
				ASSETCATALOG_COMPILER_GENERATE_SWIFT_ASSET_SYMBOL_EXTENSIONS = YES;
				CLANG_ANALYZER_NONNULL = YES;
				CLANG_ANALYZER_NUMBER_OBJECT_CONVERSION = YES_AGGRESSIVE;
				CLANG_CXX_LANGUAGE_STANDARD = "gnu++20";
				CLANG_ENABLE_MODULES = YES;
				CLANG_ENABLE_OBJC_ARC = YES;
				CLANG_ENABLE_OBJC_WEAK = YES;
				CLANG_WARN_BLOCK_CAPTURE_AUTORELEASING = YES;
				CLANG_WARN_BOOL_CONVERSION = YES;
				CLANG_WARN_COMMA = YES;
				CLANG_WARN_CONSTANT_CONVERSION = YES;
				CLANG_WARN_DEPRECATED_OBJC_IMPLEMENTATIONS = YES;
				CLANG_WARN_DIRECT_OBJC_ISA_USAGE = YES_ERROR;
				CLANG_WARN_DOCUMENTATION_COMMENTS = YES;
				CLANG_WARN_EMPTY_BODY = YES;
				CLANG_WARN_ENUM_CONVERSION = YES;
				CLANG_WARN_INFINITE_RECURSION = YES;
				CLANG_WARN_INT_CONVERSION = YES;
				CLANG_WARN_NON_LITERAL_NULL_CONVERSION = YES;
				CLANG_WARN_OBJC_IMPLICIT_RETAIN_SELF = YES;
				CLANG_WARN_OBJC_LITERAL_CONVERSION = YES;
				CLANG_WARN_OBJC_ROOT_CLASS = YES_ERROR;
				CLANG_WARN_QUOTED_INCLUDE_IN_FRAMEWORK_HEADER = YES;
				CLANG_WARN_RANGE_LOOP_ANALYSIS = YES;
				CLANG_WARN_STRICT_PROTOTYPES = YES;
				CLANG_WARN_SUSPICIOUS_MOVE = YES;
				CLANG_WARN_UNGUARDED_AVAILABILITY = YES_AGGRESSIVE;
				CLANG_WARN_UNREACHABLE_CODE = YES;
				CLANG_WARN__DUPLICATE_METHOD_MATCH = YES;
				COPY_PHASE_STRIP = NO;
				DEBUG_INFORMATION_FORMAT = dwarf;
				ENABLE_STRICT_OBJC_MSGSEND = YES;
				ENABLE_TESTABILITY = YES;
				ENABLE_USER_SCRIPT_SANDBOXING = YES;
				GCC_C_LANGUAGE_STANDARD = gnu17;
				GCC_DYNAMIC_NO_PIC = NO;
				GCC_NO_COMMON_BLOCKS = YES;
				GCC_OPTIMIZATION_LEVEL = 0;
				GCC_PREPROCESSOR_DEFINITIONS = (
					"DEBUG=1",
					"$(inherited)",
				);
				GCC_WARN_64_TO_32_BIT_CONVERSION = YES;
				GCC_WARN_ABOUT_RETURN_TYPE = YES_ERROR;
				GCC_WARN_UNDECLARED_SELECTOR = YES;
				GCC_WARN_UNINITIALIZED_AUTOS = YES_AGGRESSIVE;
				GCC_WARN_UNUSED_FUNCTION = YES;
				GCC_WARN_UNUSED_VARIABLE = YES;
				IPHONEOS_DEPLOYMENT_TARGET = 17.5;
				LOCALIZATION_PREFERS_STRING_CATALOGS = YES;
				MTL_ENABLE_DEBUG_INFO = INCLUDE_SOURCE;
				MTL_FAST_MATH = YES;
				ONLY_ACTIVE_ARCH = YES;
				SDKROOT = iphoneos;
				SWIFT_ACTIVE_COMPILATION_CONDITIONS = "DEBUG $(inherited)";
				SWIFT_OPTIMIZATION_LEVEL = "-Onone";
			};
			name = Debug;
		};
		15462E1F2C29413B00D998CD /* Release */ = {
			isa = XCBuildConfiguration;
			buildSettings = {
				ALWAYS_SEARCH_USER_PATHS = NO;
				ASSETCATALOG_COMPILER_GENERATE_SWIFT_ASSET_SYMBOL_EXTENSIONS = YES;
				CLANG_ANALYZER_NONNULL = YES;
				CLANG_ANALYZER_NUMBER_OBJECT_CONVERSION = YES_AGGRESSIVE;
				CLANG_CXX_LANGUAGE_STANDARD = "gnu++20";
				CLANG_ENABLE_MODULES = YES;
				CLANG_ENABLE_OBJC_ARC = YES;
				CLANG_ENABLE_OBJC_WEAK = YES;
				CLANG_WARN_BLOCK_CAPTURE_AUTORELEASING = YES;
				CLANG_WARN_BOOL_CONVERSION = YES;
				CLANG_WARN_COMMA = YES;
				CLANG_WARN_CONSTANT_CONVERSION = YES;
				CLANG_WARN_DEPRECATED_OBJC_IMPLEMENTATIONS = YES;
				CLANG_WARN_DIRECT_OBJC_ISA_USAGE = YES_ERROR;
				CLANG_WARN_DOCUMENTATION_COMMENTS = YES;
				CLANG_WARN_EMPTY_BODY = YES;
				CLANG_WARN_ENUM_CONVERSION = YES;
				CLANG_WARN_INFINITE_RECURSION = YES;
				CLANG_WARN_INT_CONVERSION = YES;
				CLANG_WARN_NON_LITERAL_NULL_CONVERSION = YES;
				CLANG_WARN_OBJC_IMPLICIT_RETAIN_SELF = YES;
				CLANG_WARN_OBJC_LITERAL_CONVERSION = YES;
				CLANG_WARN_OBJC_ROOT_CLASS = YES_ERROR;
				CLANG_WARN_QUOTED_INCLUDE_IN_FRAMEWORK_HEADER = YES;
				CLANG_WARN_RANGE_LOOP_ANALYSIS = YES;
				CLANG_WARN_STRICT_PROTOTYPES = YES;
				CLANG_WARN_SUSPICIOUS_MOVE = YES;
				CLANG_WARN_UNGUARDED_AVAILABILITY = YES_AGGRESSIVE;
				CLANG_WARN_UNREACHABLE_CODE = YES;
				CLANG_WARN__DUPLICATE_METHOD_MATCH = YES;
				COPY_PHASE_STRIP = NO;
				DEBUG_INFORMATION_FORMAT = "dwarf-with-dsym";
				ENABLE_NS_ASSERTIONS = NO;
				ENABLE_STRICT_OBJC_MSGSEND = YES;
				ENABLE_USER_SCRIPT_SANDBOXING = YES;
				GCC_C_LANGUAGE_STANDARD = gnu17;
				GCC_NO_COMMON_BLOCKS = YES;
				GCC_WARN_64_TO_32_BIT_CONVERSION = YES;
				GCC_WARN_ABOUT_RETURN_TYPE = YES_ERROR;
				GCC_WARN_UNDECLARED_SELECTOR = YES;
				GCC_WARN_UNINITIALIZED_AUTOS = YES_AGGRESSIVE;
				GCC_WARN_UNUSED_FUNCTION = YES;
				GCC_WARN_UNUSED_VARIABLE = YES;
				IPHONEOS_DEPLOYMENT_TARGET = 17.5;
				LOCALIZATION_PREFERS_STRING_CATALOGS = YES;
				MTL_ENABLE_DEBUG_INFO = NO;
				MTL_FAST_MATH = YES;
				SDKROOT = iphoneos;
				SWIFT_COMPILATION_MODE = wholemodule;
				VALIDATE_PRODUCT = YES;
			};
			name = Release;
		};
		15462E212C29413B00D998CD /* Debug */ = {
			isa = XCBuildConfiguration;
			buildSettings = {
				ASSETCATALOG_COMPILER_APPICON_NAME = AppIcon;
				ASSETCATALOG_COMPILER_GLOBAL_ACCENT_COLOR_NAME = AccentColor;
				CODE_SIGN_STYLE = Automatic;
				CURRENT_PROJECT_VERSION = 1;
				GENERATE_INFOPLIST_FILE = YES;
				INFOPLIST_FILE = Foodie/Info.plist;
				INFOPLIST_KEY_UIApplicationSupportsIndirectInputEvents = YES;
				INFOPLIST_KEY_UILaunchStoryboardName = LaunchScreen;
				INFOPLIST_KEY_UIMainStoryboardFile = Main;
				INFOPLIST_KEY_UIStatusBarStyle = "";
				INFOPLIST_KEY_UISupportedInterfaceOrientations_iPad = "UIInterfaceOrientationPortrait UIInterfaceOrientationPortraitUpsideDown UIInterfaceOrientationLandscapeLeft UIInterfaceOrientationLandscapeRight";
				INFOPLIST_KEY_UISupportedInterfaceOrientations_iPhone = "UIInterfaceOrientationPortrait UIInterfaceOrientationLandscapeLeft UIInterfaceOrientationLandscapeRight";
				LD_RUNPATH_SEARCH_PATHS = (
					"$(inherited)",
					"@executable_path/Frameworks",
				);
				MARKETING_VERSION = 1.0;
				PRODUCT_BUNDLE_IDENTIFIER = com.MahmoudAlaa.Foodie;
				PRODUCT_NAME = "$(TARGET_NAME)";
				SWIFT_EMIT_LOC_STRINGS = YES;
				SWIFT_VERSION = 5.0;
				TARGETED_DEVICE_FAMILY = "1,2";
			};
			name = Debug;
		};
		15462E222C29413B00D998CD /* Release */ = {
			isa = XCBuildConfiguration;
			buildSettings = {
				ASSETCATALOG_COMPILER_APPICON_NAME = AppIcon;
				ASSETCATALOG_COMPILER_GLOBAL_ACCENT_COLOR_NAME = AccentColor;
				CODE_SIGN_STYLE = Automatic;
				CURRENT_PROJECT_VERSION = 1;
				GENERATE_INFOPLIST_FILE = YES;
				INFOPLIST_FILE = Foodie/Info.plist;
				INFOPLIST_KEY_UIApplicationSupportsIndirectInputEvents = YES;
				INFOPLIST_KEY_UILaunchStoryboardName = LaunchScreen;
				INFOPLIST_KEY_UIMainStoryboardFile = Main;
				INFOPLIST_KEY_UIStatusBarStyle = "";
				INFOPLIST_KEY_UISupportedInterfaceOrientations_iPad = "UIInterfaceOrientationPortrait UIInterfaceOrientationPortraitUpsideDown UIInterfaceOrientationLandscapeLeft UIInterfaceOrientationLandscapeRight";
				INFOPLIST_KEY_UISupportedInterfaceOrientations_iPhone = "UIInterfaceOrientationPortrait UIInterfaceOrientationLandscapeLeft UIInterfaceOrientationLandscapeRight";
				LD_RUNPATH_SEARCH_PATHS = (
					"$(inherited)",
					"@executable_path/Frameworks",
				);
				MARKETING_VERSION = 1.0;
				PRODUCT_BUNDLE_IDENTIFIER = com.MahmoudAlaa.Foodie;
				PRODUCT_NAME = "$(TARGET_NAME)";
				SWIFT_EMIT_LOC_STRINGS = YES;
				SWIFT_VERSION = 5.0;
				TARGETED_DEVICE_FAMILY = "1,2";
			};
			name = Release;
		};
/* End XCBuildConfiguration section */

/* Begin XCConfigurationList section */
		15462E072C29413900D998CD /* Build configuration list for PBXProject "Foodie" */ = {
			isa = XCConfigurationList;
			buildConfigurations = (
				15462E1E2C29413B00D998CD /* Debug */,
				15462E1F2C29413B00D998CD /* Release */,
			);
			defaultConfigurationIsVisible = 0;
			defaultConfigurationName = Release;
		};
		15462E202C29413B00D998CD /* Build configuration list for PBXNativeTarget "Foodie" */ = {
			isa = XCConfigurationList;
			buildConfigurations = (
				15462E212C29413B00D998CD /* Debug */,
				15462E222C29413B00D998CD /* Release */,
			);
			defaultConfigurationIsVisible = 0;
			defaultConfigurationName = Release;
		};
/* End XCConfigurationList section */
	};
	rootObject = 15462E042C29413900D998CD /* Project object */;
}
